PODS:
  - Alamofire (4.7.3)
  - AlamofireImage (3.4.1):
    - Alamofire (~> 4.7)
  - AlignedCollectionViewFlowLayout (1.1.2)
  - ALTextInputBar (1.1.8)
  - AttributedTextView (1.4.1)
  - BEMCheckBox (1.4.1)
  - Charts (3.2.1):
    - Charts/Core (= 3.2.1)
  - Charts/Core (3.2.1)
  - CircleProgressView (1.2.0)
  - CocoaLumberjack (3.5.3):
    - CocoaLumberjack/Core (= 3.5.3)
  - CocoaLumberjack/Core (3.5.3)
  - CSV.swift (2.3.1)
  - CWStatusBarNotification (2.3.5)
  - IQKeyboardManager (6.2.0)
  - Locksmith (4.0.0)
  - MSPeekCollectionViewDelegateImplementation (2.0.0)
  - PromiseKit (6.5.2):
    - PromiseKit/CorePromise (= 6.5.2)
    - PromiseKit/Foundation (= 6.5.2)
    - PromiseKit/UIKit (= 6.5.2)
  - PromiseKit/Alamofire (6.5.2):
    - Alamofire (~> 4.0)
    - PromiseKit/CorePromise
  - PromiseKit/CorePromise (6.5.2)
  - PromiseKit/Foundation (6.5.2):
    - PromiseKit/CorePromise
  - PromiseKit/UIKit (6.5.2):
    - PromiseKit/CorePromise
  - RandomColorSwift (1.0.0)
  - RecurrencePicker (0.3.0)
  - SaltEdge-iOS-Swift (2.1.0):
    - TrustKit
  - SDWebImage/Core (5.0.3)
  - SDWebImageSVGCoder (0.3.0):
    - SDWebImage/Core (~> 5.0)
    - SVGKit (>= 2.1)
  - SideMenu (6.3.1)
  - SkyFloatingLabelTextField (3.6.0)
  - SnapKit (4.2.0)
  - StaticTableViewController (1.2.0)
  - SVGKit (2.1.1):
    - CocoaLumberjack (~> 3.0)
  - SVProgressHUD (2.2.5)
  - SwiftDate (6.1.0)
  - SwifterSwift (4.6.0):
    - SwifterSwift/AppKit (= 4.6.0)
    - SwifterSwift/CoreGraphics (= 4.6.0)
    - SwifterSwift/CoreLocation (= 4.6.0)
    - SwifterSwift/Foundation (= 4.6.0)
    - SwifterSwift/MapKit (= 4.6.0)
    - SwifterSwift/SpriteKit (= 4.6.0)
    - SwifterSwift/SwiftStdlib (= 4.6.0)
    - SwifterSwift/UIKit (= 4.6.0)
  - SwifterSwift/AppKit (4.6.0)
  - SwifterSwift/CoreGraphics (4.6.0)
  - SwifterSwift/CoreLocation (4.6.0)
  - SwifterSwift/Foundation (4.6.0)
  - SwifterSwift/MapKit (4.6.0)
  - SwifterSwift/SpriteKit (4.6.0)
  - SwifterSwift/SwiftStdlib (4.6.0)
  - SwifterSwift/UIKit (4.6.0)
  - SwiftMessages (6.0.0):
    - SwiftMessages/App (= 6.0.0)
  - SwiftMessages/App (6.0.0)
  - Swinject (2.6.2)
  - SwinjectAutoregistration (2.6.0):
    - Swinject (~> 2.6)
  - SwinjectStoryboard (2.2.0):
    - Swinject (~> 2.6)
  - TrustKit (1.6.1)

DEPENDENCIES:
  - AlamofireImage
  - AlignedCollectionViewFlowLayout
  - ALTextInputBar (from `https://github.com/bclymer/ALTextInputBar`, branch `master`)
  - AttributedTextView
  - BEMCheckBox
  - Charts
  - CircleProgressView (~> 1.0)
  - CSV.swift
  - CWStatusBarNotification (~> 2.3)
  - IQKeyboardManager
  - Locksmith (~> 4.0)
  - MSPeekCollectionViewDelegateImplementation (~> 2.0)
  - PromiseKit (~> 6.5)
  - PromiseKit/Alamofire (~> 6.5)
  - RandomColorSwift (from `https://github.com/onevcat/RandomColorSwift`, branch `master`)
  - RecurrencePicker (from `https://github.com/petalvlad/RecurrencePicker`, branch `master`)
  - SaltEdge-iOS-Swift (from `https://github.com/petalvlad/saltedge-ios-swift`, branch `master`)
  - SDWebImageSVGCoder (~> 0.3)
  - SideMenu (= 6.3.1)
  - SkyFloatingLabelTextField
  - SnapKit (~> 4.2.0)
  - StaticTableViewController
  - SVGKit (~> 2.1)
  - SVProgressHUD (~> 2.2)
  - SwiftDate (~> 6.1)
  - SwifterSwift (~> 4.6)
  - SwiftMessages
  - Swinject (= 2.6.2)
  - SwinjectAutoregistration (= 2.6.0)
  - SwinjectStoryboard (= 2.2)

SPEC REPOS:
  https://github.com/CocoaPods/Specs.git:
    - Alamofire
    - AlamofireImage
    - AlignedCollectionViewFlowLayout
    - BEMCheckBox
    - Charts
    - CircleProgressView
    - CocoaLumberjack
    - CSV.swift
    - CWStatusBarNotification
    - IQKeyboardManager
    - Locksmith
    - MSPeekCollectionViewDelegateImplementation
    - PromiseKit
    - SDWebImage
    - SDWebImageSVGCoder
    - SkyFloatingLabelTextField
    - SnapKit
    - StaticTableViewController
    - SVGKit
    - SVProgressHUD
    - SwiftDate
    - SwifterSwift
    - SwiftMessages
    - SwinjectAutoregistration
    - TrustKit
  trunk:
    - AttributedTextView
    - SideMenu
    - Swinject
    - SwinjectStoryboard

EXTERNAL SOURCES:
  ALTextInputBar:
    :branch: master
    :git: https://github.com/bclymer/ALTextInputBar
  RandomColorSwift:
    :branch: master
    :git: https://github.com/onevcat/RandomColorSwift
  RecurrencePicker:
    :branch: master
    :git: https://github.com/petalvlad/RecurrencePicker
  SaltEdge-iOS-Swift:
    :branch: master
    :git: https://github.com/petalvlad/saltedge-ios-swift

CHECKOUT OPTIONS:
  ALTextInputBar:
    :commit: 3b82e4cdb81fa42705ef84066f4fe82f29c1bbc8
    :git: https://github.com/bclymer/ALTextInputBar
  RandomColorSwift:
    :commit: 902050e3cabb596eaeb9ed725dbf22b17a3f3e4c
    :git: https://github.com/onevcat/RandomColorSwift
  RecurrencePicker:
    :commit: aae70cc22ce643ba2311be0d7ac5a6d6cc6cc8ac
    :git: https://github.com/petalvlad/RecurrencePicker
  SaltEdge-iOS-Swift:
    :commit: e42977ea4a498dc777b7f8c2fb1d762cb15e98e8
    :git: https://github.com/petalvlad/saltedge-ios-swift

SPEC CHECKSUMS:
  Alamofire: c7287b6e5d7da964a70935e5db17046b7fde6568
  AlamofireImage: 78d67ccbb763d87ba44b21583d2153500a195630
  AlignedCollectionViewFlowLayout: ee2ef451e741ec08f8e0967d828001e2f051c20a
  ALTextInputBar: 6c160c51958903c5f7b9d158e19f9c4113ae351b
  AttributedTextView: 9e01651d96c1af861a9c67c2cc3f94c30320d1c2
  BEMCheckBox: 5ba6e37ade3d3657b36caecc35c8b75c6c2b1a4e
  Charts: f122fb70b19847fa5817d018b77d6c5a2296ab25
  CircleProgressView: 6b5b091d59dc5e5d2fda84e637a40498cdc39937
  CocoaLumberjack: 2f44e60eb91c176d471fdba43b9e3eae6a721947
  CSV.swift: d16f671b3090a2c0525d5f2165b18319074aae2b
  CWStatusBarNotification: 3d2738b25c3207f60cc50201388d3c96182545ff
  IQKeyboardManager: 6194101620b73af5e67900b8f89707a99de0b804
  Locksmith: e9bebbaaa4cee3c511bc358a44f843c3fe00e21f
  MSPeekCollectionViewDelegateImplementation: 3091e9512b3cd03facdea3c02e57673a4a06246a
  PromiseKit: 27c1601bfb73405871b805bcb8cf7e55c4dad3db
  RandomColorSwift: 9f6b61247b17eafe0fd75e4a0977f2af1abd68d1
  RecurrencePicker: 72c4ad5bbf0e75c73b7ed9eddd60f307e3b1eba6
  SaltEdge-iOS-Swift: cdd2402129a7353f10cd82b615a90e8a18f58f80
  SDWebImage: d4f87d7d36c8a4d9f9459dc282e0caa057fdf935
  SDWebImageSVGCoder: 4b354bcdc7d74ce14d9fdb3c9ed9ab2c667f3b57
  SideMenu: 8c67753662a891321bb646b03fca9f132ae5433a
  SkyFloatingLabelTextField: 38164979b79512f9ff9288ad8acfc4bbf5d843e3
  SnapKit: fe8a619752f3f27075cc9a90244d75c6c3f27e2a
  StaticTableViewController: cbf8a57221ffa6bad8f3dc9d7863863ee28deee0
  SVGKit: 652cdf7bef8bec8564d04a8511d3ab50c7595fac
  SVProgressHUD: 1428aafac632c1f86f62aa4243ec12008d7a51d6
  SwiftDate: fa2bb3962056bb44047b4b85a30044e5eae30b03
  SwifterSwift: 812ffec6f301922f5430e75be3f2939ea3a80024
  SwiftMessages: da7c981256a65b3e58022d9027a36584cf4eccf5
  Swinject: cf7458774b1b00323080a9c67e47a1ee7f9d2af1
  SwinjectAutoregistration: 93a908f7543c401b0c315305ac0ae501efdbce89
  SwinjectStoryboard: 32512ef16c2b0ff5b8f823b23539c4a50f6d3383
  TrustKit: 0660dd1ce827ae7c8f553f35502a8542e248188f

PODFILE CHECKSUM: f9cc741828df9f81b86caf235f4b88c8cda5d350

COCOAPODS: 1.8.4
