// !$*UTF8*$!
{
	archiveVersion = 1;
	classes = {
	};
	objectVersion = 50;
	objects = {

/* Begin PBXBuildFile section */
		ACA15497C062BEC12449D2F3 /* Pods_skrudzh.framework in Frameworks */ = {isa = PBXBuildFile; fileRef = 28A6F359936A24B73097CB3A /* Pods_skrudzh.framework */; };
		FA0CADF721CBE56100805288 /* LoaderView.swift in Sources */ = {isa = PBXBuildFile; fileRef = FA0CADF621CBE56100805288 /* LoaderView.swift */; };
		FA0CADF921CBE58F00805288 /* LoaderView.xib in Resources */ = {isa = PBXBuildFile; fileRef = FA0CADF821CBE58F00805288 /* LoaderView.xib */; };
		FA0CADFD21D257F400805288 /* ExpenseSource.swift in Sources */ = {isa = PBXBuildFile; fileRef = FA0CADFC21D257F400805288 /* ExpenseSource.swift */; };
		FA0CADFF21D25ED900805288 /* ExpenseSourcesServiceProtocol.swift in Sources */ = {isa = PBXBuildFile; fileRef = FA0CADFE21D25ED900805288 /* ExpenseSourcesServiceProtocol.swift */; };
		FA0CAE0121D25F5300805288 /* ExpenseSourcesService.swift in Sources */ = {isa = PBXBuildFile; fileRef = FA0CAE0021D25F5300805288 /* ExpenseSourcesService.swift */; };
		FA0CAE0321D2612500805288 /* ExpenseSourcesCoordinatorProtocol.swift in Sources */ = {isa = PBXBuildFile; fileRef = FA0CAE0221D2612500805288 /* ExpenseSourcesCoordinatorProtocol.swift */; };
		FA0CAE0521D2615900805288 /* ExpenseSourcesCoordinator.swift in Sources */ = {isa = PBXBuildFile; fileRef = FA0CAE0421D2615900805288 /* ExpenseSourcesCoordinator.swift */; };
		FA0CAE0721D266F100805288 /* ExpenseSourceViewModel.swift in Sources */ = {isa = PBXBuildFile; fileRef = FA0CAE0621D266F100805288 /* ExpenseSourceViewModel.swift */; };
		FA0CAE0921D39D3C00805288 /* ExpenseSourceCollectionViewCell.swift in Sources */ = {isa = PBXBuildFile; fileRef = FA0CAE0821D39D3B00805288 /* ExpenseSourceCollectionViewCell.swift */; };
		FA0CAE0B21D3C1D900805288 /* ExpenseSourceEditViewController.swift in Sources */ = {isa = PBXBuildFile; fileRef = FA0CAE0A21D3C1D900805288 /* ExpenseSourceEditViewController.swift */; };
		FA0CAE0D21D3C1F100805288 /* ExpenseSourceEditTableController.swift in Sources */ = {isa = PBXBuildFile; fileRef = FA0CAE0C21D3C1F100805288 /* ExpenseSourceEditTableController.swift */; };
		FA0CAE1121D3C23000805288 /* ExpenseSourceEditViewModel.swift in Sources */ = {isa = PBXBuildFile; fileRef = FA0CAE1021D3C23000805288 /* ExpenseSourceEditViewModel.swift */; };
		FA0CAE1321D52CB400805288 /* MoneyTextField.swift in Sources */ = {isa = PBXBuildFile; fileRef = FA0CAE1221D52CB300805288 /* MoneyTextField.swift */; };
		FA0CAE1521D669C000805288 /* Icon.swift in Sources */ = {isa = PBXBuildFile; fileRef = FA0CAE1421D669C000805288 /* Icon.swift */; };
		FA0CAE1721D66C8700805288 /* IconsServiceProtocol.swift in Sources */ = {isa = PBXBuildFile; fileRef = FA0CAE1621D66C8700805288 /* IconsServiceProtocol.swift */; };
		FA0CAE1921D66CCD00805288 /* IconsService.swift in Sources */ = {isa = PBXBuildFile; fileRef = FA0CAE1821D66CCD00805288 /* IconsService.swift */; };
		FA0CAE1B21D66F9A00805288 /* IconsCoordinatorProtocol.swift in Sources */ = {isa = PBXBuildFile; fileRef = FA0CAE1A21D66F9A00805288 /* IconsCoordinatorProtocol.swift */; };
		FA0CAE1D21D66FC200805288 /* IconsCoordinator.swift in Sources */ = {isa = PBXBuildFile; fileRef = FA0CAE1C21D66FC200805288 /* IconsCoordinator.swift */; };
		FA0CAE1F21D6785E00805288 /* IconCollectionViewCell.swift in Sources */ = {isa = PBXBuildFile; fileRef = FA0CAE1E21D6785E00805288 /* IconCollectionViewCell.swift */; };
		FA0CAE2221D679D100805288 /* IconsViewController.swift in Sources */ = {isa = PBXBuildFile; fileRef = FA0CAE2121D679D100805288 /* IconsViewController.swift */; };
		FA0CAE2621D67A7100805288 /* IconViewModel.swift in Sources */ = {isa = PBXBuildFile; fileRef = FA0CAE2521D67A7100805288 /* IconViewModel.swift */; };
		FA0CAE2821D67B7F00805288 /* IconsViewModel.swift in Sources */ = {isa = PBXBuildFile; fileRef = FA0CAE2721D67B7F00805288 /* IconsViewModel.swift */; };
		FA165CD321B4EB6D00EAA16B /* RegistrationViewController.swift in Sources */ = {isa = PBXBuildFile; fileRef = FA165CD221B4EB6D00EAA16B /* RegistrationViewController.swift */; };
		FA165CD621B4EF6800EAA16B /* RegistrationViewModel.swift in Sources */ = {isa = PBXBuildFile; fileRef = FA165CD521B4EF6800EAA16B /* RegistrationViewModel.swift */; };
		FA165CDA21B652BE00EAA16B /* Profile.storyboard in Resources */ = {isa = PBXBuildFile; fileRef = FA165CD921B652BE00EAA16B /* Profile.storyboard */; };
		FA165CDD21B6530C00EAA16B /* ProfileViewModel.swift in Sources */ = {isa = PBXBuildFile; fileRef = FA165CDC21B6530C00EAA16B /* ProfileViewModel.swift */; };
		FA165CE021B6540600EAA16B /* ProfileViewController.swift in Sources */ = {isa = PBXBuildFile; fileRef = FA165CDF21B6540600EAA16B /* ProfileViewController.swift */; };
		FA165CE221B65F0300EAA16B /* LoginViewModel.swift in Sources */ = {isa = PBXBuildFile; fileRef = FA165CE121B65F0300EAA16B /* LoginViewModel.swift */; };
		FA165CE421B65F2F00EAA16B /* ValidationResult.swift in Sources */ = {isa = PBXBuildFile; fileRef = FA165CE321B65F2F00EAA16B /* ValidationResult.swift */; };
		FA165CE621B6669500EAA16B /* LoginViewController.swift in Sources */ = {isa = PBXBuildFile; fileRef = FA165CE521B6669500EAA16B /* LoginViewController.swift */; };
		FA165CE821B7654100EAA16B /* ForgotPasswordViewModel.swift in Sources */ = {isa = PBXBuildFile; fileRef = FA165CE721B7654100EAA16B /* ForgotPasswordViewModel.swift */; };
		FA165CEA21B769B500EAA16B /* ForgotPasswordViewController.swift in Sources */ = {isa = PBXBuildFile; fileRef = FA165CE921B769B500EAA16B /* ForgotPasswordViewController.swift */; };
		FA165CEC21B7766900EAA16B /* ResetPasswordViewModel.swift in Sources */ = {isa = PBXBuildFile; fileRef = FA165CEB21B7766900EAA16B /* ResetPasswordViewModel.swift */; };
		FA165CEE21B7846C00EAA16B /* ResetPasswordViewController.swift in Sources */ = {isa = PBXBuildFile; fileRef = FA165CED21B7846C00EAA16B /* ResetPasswordViewController.swift */; };
		FA26813E21B178D300FADED1 /* Rubik-MediumItalic.ttf in Resources */ = {isa = PBXBuildFile; fileRef = FA26813321B178D200FADED1 /* Rubik-MediumItalic.ttf */; };
		FA26813F21B178D300FADED1 /* Rubik-Bold.ttf in Resources */ = {isa = PBXBuildFile; fileRef = FA26813421B178D200FADED1 /* Rubik-Bold.ttf */; };
		FA26814021B178D300FADED1 /* Rubik-Light.ttf in Resources */ = {isa = PBXBuildFile; fileRef = FA26813521B178D200FADED1 /* Rubik-Light.ttf */; };
		FA26814121B178D300FADED1 /* Rubik-Medium.ttf in Resources */ = {isa = PBXBuildFile; fileRef = FA26813621B178D200FADED1 /* Rubik-Medium.ttf */; };
		FA26814221B178D300FADED1 /* Rubik-Black.ttf in Resources */ = {isa = PBXBuildFile; fileRef = FA26813721B178D200FADED1 /* Rubik-Black.ttf */; };
		FA26814321B178D300FADED1 /* Rubik-Italic.ttf in Resources */ = {isa = PBXBuildFile; fileRef = FA26813821B178D200FADED1 /* Rubik-Italic.ttf */; };
		FA26814421B178D300FADED1 /* Rubik-LightItalic.ttf in Resources */ = {isa = PBXBuildFile; fileRef = FA26813921B178D200FADED1 /* Rubik-LightItalic.ttf */; };
		FA26814521B178D300FADED1 /* OFL.txt in Resources */ = {isa = PBXBuildFile; fileRef = FA26813A21B178D200FADED1 /* OFL.txt */; };
		FA26814621B178D300FADED1 /* Rubik-BlackItalic.ttf in Resources */ = {isa = PBXBuildFile; fileRef = FA26813B21B178D200FADED1 /* Rubik-BlackItalic.ttf */; };
		FA26814721B178D300FADED1 /* Rubik-Regular.ttf in Resources */ = {isa = PBXBuildFile; fileRef = FA26813C21B178D200FADED1 /* Rubik-Regular.ttf */; };
		FA26814821B178D300FADED1 /* Rubik-BoldItalic.ttf in Resources */ = {isa = PBXBuildFile; fileRef = FA26813D21B178D200FADED1 /* Rubik-BoldItalic.ttf */; };
		FA26814A21B1833E00FADED1 /* MainViewController.swift in Sources */ = {isa = PBXBuildFile; fileRef = FA26814921B1833E00FADED1 /* MainViewController.swift */; };
		FA6270A321C7A87300CC0269 /* IncomeSourceEditTableController.swift in Sources */ = {isa = PBXBuildFile; fileRef = FA6270A221C7A87300CC0269 /* IncomeSourceEditTableController.swift */; };
		FA6270A621CA3ED600CC0269 /* FieldViewModel.swift in Sources */ = {isa = PBXBuildFile; fileRef = FA6270A521CA3ED600CC0269 /* FieldViewModel.swift */; };
		FA6270AA21CA93D100CC0269 /* FieldsViewModel.swift in Sources */ = {isa = PBXBuildFile; fileRef = FA6270A921CA93D100CC0269 /* FieldsViewModel.swift */; };
		FA6270AD21CA9FEB00CC0269 /* FieldsViewControllerProtocol.swift in Sources */ = {isa = PBXBuildFile; fileRef = FA6270AC21CA9FEB00CC0269 /* FieldsViewControllerProtocol.swift */; };
		FA9F962821C2818E00FD64C1 /* IncomeSourceViewModel.swift in Sources */ = {isa = PBXBuildFile; fileRef = FA9F962721C2818E00FD64C1 /* IncomeSourceViewModel.swift */; };
		FA9F962A21C2A86B00FD64C1 /* IncomeSourceEditViewController.swift in Sources */ = {isa = PBXBuildFile; fileRef = FA9F962921C2A86B00FD64C1 /* IncomeSourceEditViewController.swift */; };
		FA9F962C21C2B1B600FD64C1 /* IncomeSourceEditViewModel.swift in Sources */ = {isa = PBXBuildFile; fileRef = FA9F962B21C2B1B600FD64C1 /* IncomeSourceEditViewModel.swift */; };
		FAC3B9B621B936CD0015A12F /* ChangePasswordViewModel.swift in Sources */ = {isa = PBXBuildFile; fileRef = FAC3B9B521B936CD0015A12F /* ChangePasswordViewModel.swift */; };
		FAC3B9B821B952950015A12F /* ChangePasswordViewController.swift in Sources */ = {isa = PBXBuildFile; fileRef = FAC3B9B721B952950015A12F /* ChangePasswordViewController.swift */; };
		FAC3B9BA21B9FF5F0015A12F /* ProfileEditViewController.swift in Sources */ = {isa = PBXBuildFile; fileRef = FAC3B9B921B9FF5F0015A12F /* ProfileEditViewController.swift */; };
		FAC3B9BC21BA002E0015A12F /* ProfileEditViewModel.swift in Sources */ = {isa = PBXBuildFile; fileRef = FAC3B9BB21BA002E0015A12F /* ProfileEditViewModel.swift */; };
		FAC3B9BE21BE0D1F0015A12F /* Onboarding.storyboard in Resources */ = {isa = PBXBuildFile; fileRef = FAC3B9BD21BE0D1F0015A12F /* Onboarding.storyboard */; };
		FAC3B9C121BE15EC0015A12F /* OnboardingViewController.swift in Sources */ = {isa = PBXBuildFile; fileRef = FAC3B9C021BE15EC0015A12F /* OnboardingViewController.swift */; };
		FAC3B9C321BE74CE0015A12F /* OnboardingPageViewController.swift in Sources */ = {isa = PBXBuildFile; fileRef = FAC3B9C221BE74CE0015A12F /* OnboardingPageViewController.swift */; };
		FAC3B9C521C0EB7A0015A12F /* IncomeSource.swift in Sources */ = {isa = PBXBuildFile; fileRef = FAC3B9C421C0EB790015A12F /* IncomeSource.swift */; };
		FAC3B9C721C0F2B00015A12F /* IncomeSourcesServiceProtocol.swift in Sources */ = {isa = PBXBuildFile; fileRef = FAC3B9C621C0F2AF0015A12F /* IncomeSourcesServiceProtocol.swift */; };
		FAC3B9C921C0F4610015A12F /* IncomeSourcesService.swift in Sources */ = {isa = PBXBuildFile; fileRef = FAC3B9C821C0F4610015A12F /* IncomeSourcesService.swift */; };
		FAC3B9CB21C0F60C0015A12F /* IncomeSourcesCoordinatorProtocol.swift in Sources */ = {isa = PBXBuildFile; fileRef = FAC3B9CA21C0F60C0015A12F /* IncomeSourcesCoordinatorProtocol.swift */; };
		FAC3B9CD21C0F7670015A12F /* IncomeSourcesCoordinator.swift in Sources */ = {isa = PBXBuildFile; fileRef = FAC3B9CC21C0F7670015A12F /* IncomeSourcesCoordinator.swift */; };
		FAC3B9CF21C11F850015A12F /* MainViewModel.swift in Sources */ = {isa = PBXBuildFile; fileRef = FAC3B9CE21C11F850015A12F /* MainViewModel.swift */; };
		FAC3B9D121C131390015A12F /* JoinViewController.swift in Sources */ = {isa = PBXBuildFile; fileRef = FAC3B9D021C131390015A12F /* JoinViewController.swift */; };
		FAC3B9D421C2796C0015A12F /* IncomeSourceCollectionViewCell.swift in Sources */ = {isa = PBXBuildFile; fileRef = FAC3B9D321C2796B0015A12F /* IncomeSourceCollectionViewCell.swift */; };
		FAD88EFA21AEA86E00BE7BC1 /* AppDelegate.swift in Sources */ = {isa = PBXBuildFile; fileRef = FAD88EF921AEA86E00BE7BC1 /* AppDelegate.swift */; };
		FAD88F0121AEA87300BE7BC1 /* Assets.xcassets in Resources */ = {isa = PBXBuildFile; fileRef = FAD88F0021AEA87300BE7BC1 /* Assets.xcassets */; };
		FAD88F0421AEA87300BE7BC1 /* Launch.storyboard in Resources */ = {isa = PBXBuildFile; fileRef = FAD88F0221AEA87300BE7BC1 /* Launch.storyboard */; };
		FAD88F0D21AEB24F00BE7BC1 /* ApplicationAssembly.swift in Sources */ = {isa = PBXBuildFile; fileRef = FAD88F0C21AEB24F00BE7BC1 /* ApplicationAssembly.swift */; };
		FAD88F0F21AEB45A00BE7BC1 /* ManagersAssembly.swift in Sources */ = {isa = PBXBuildFile; fileRef = FAD88F0E21AEB45A00BE7BC1 /* ManagersAssembly.swift */; };
		FAD88F1321AEB48800BE7BC1 /* ApplicationRouterProtocol.swift in Sources */ = {isa = PBXBuildFile; fileRef = FAD88F1221AEB48800BE7BC1 /* ApplicationRouterProtocol.swift */; };
		FAD88F1521AEB52C00BE7BC1 /* ServicesAssembly.swift in Sources */ = {isa = PBXBuildFile; fileRef = FAD88F1421AEB52C00BE7BC1 /* ServicesAssembly.swift */; };
		FAD88F1721AEB53F00BE7BC1 /* CoordinatorsAssembly.swift in Sources */ = {isa = PBXBuildFile; fileRef = FAD88F1621AEB53F00BE7BC1 /* CoordinatorsAssembly.swift */; };
		FAD88F1D21AEB6A000BE7BC1 /* UserSessionManagerProtocol.swift in Sources */ = {isa = PBXBuildFile; fileRef = FAD88F1C21AEB6A000BE7BC1 /* UserSessionManagerProtocol.swift */; };
		FAD88F1F21AEB6CD00BE7BC1 /* UIMessagePresenterManagerProtocol.swift in Sources */ = {isa = PBXBuildFile; fileRef = FAD88F1E21AEB6CD00BE7BC1 /* UIMessagePresenterManagerProtocol.swift */; };
		FAD88F2121AEB6ED00BE7BC1 /* NavigatorProtocol.swift in Sources */ = {isa = PBXBuildFile; fileRef = FAD88F2021AEB6ED00BE7BC1 /* NavigatorProtocol.swift */; };
		FAD88F2421AEB71000BE7BC1 /* NotificationsManagerProtocol.swift in Sources */ = {isa = PBXBuildFile; fileRef = FAD88F2321AEB71000BE7BC1 /* NotificationsManagerProtocol.swift */; };
		FAD88F2621AEB72800BE7BC1 /* NotificationsManager.swift in Sources */ = {isa = PBXBuildFile; fileRef = FAD88F2521AEB72800BE7BC1 /* NotificationsManager.swift */; };
		FAD88F2821AEB75800BE7BC1 /* NotificationCategory.swift in Sources */ = {isa = PBXBuildFile; fileRef = FAD88F2721AEB75800BE7BC1 /* NotificationCategory.swift */; };
		FAD88F2A21AEB77200BE7BC1 /* NotificationAction.swift in Sources */ = {isa = PBXBuildFile; fileRef = FAD88F2921AEB77200BE7BC1 /* NotificationAction.swift */; };
		FAD88F2C21AEB78A00BE7BC1 /* NotificationsHandlerProtocol.swift in Sources */ = {isa = PBXBuildFile; fileRef = FAD88F2B21AEB78A00BE7BC1 /* NotificationsHandlerProtocol.swift */; };
		FAD88F2E21AEB79F00BE7BC1 /* NotificationsHandler.swift in Sources */ = {isa = PBXBuildFile; fileRef = FAD88F2D21AEB79F00BE7BC1 /* NotificationsHandler.swift */; };
		FAD88F3021AEB7BD00BE7BC1 /* NotificationItem.swift in Sources */ = {isa = PBXBuildFile; fileRef = FAD88F2F21AEB7BD00BE7BC1 /* NotificationItem.swift */; };
		FAD88F3221AEB7D500BE7BC1 /* KeepAliveNotificationItem.swift in Sources */ = {isa = PBXBuildFile; fileRef = FAD88F3121AEB7D500BE7BC1 /* KeepAliveNotificationItem.swift */; };
		FAD88F3521AEB8BD00BE7BC1 /* ApplicationExtensions.swift in Sources */ = {isa = PBXBuildFile; fileRef = FAD88F3421AEB8BD00BE7BC1 /* ApplicationExtensions.swift */; };
		FAD88F3721AEB8F200BE7BC1 /* UIFlowManager.swift in Sources */ = {isa = PBXBuildFile; fileRef = FAD88F3621AEB8F200BE7BC1 /* UIFlowManager.swift */; };
		FAD88F3921AEBAA600BE7BC1 /* Session.swift in Sources */ = {isa = PBXBuildFile; fileRef = FAD88F3821AEBAA600BE7BC1 /* Session.swift */; };
		FAD88F3B21AEBABD00BE7BC1 /* ApplicationRouter.swift in Sources */ = {isa = PBXBuildFile; fileRef = FAD88F3A21AEBABD00BE7BC1 /* ApplicationRouter.swift */; };
		FAD88F3D21AEBB4200BE7BC1 /* UserSessionManager.swift in Sources */ = {isa = PBXBuildFile; fileRef = FAD88F3C21AEBB4200BE7BC1 /* UserSessionManager.swift */; };
		FAD88F3F21AEBDDB00BE7BC1 /* UIMessagePresenterManager.swift in Sources */ = {isa = PBXBuildFile; fileRef = FAD88F3E21AEBDDB00BE7BC1 /* UIMessagePresenterManager.swift */; };
		FAD88F4121AEBDF900BE7BC1 /* Navigator.swift in Sources */ = {isa = PBXBuildFile; fileRef = FAD88F4021AEBDF900BE7BC1 /* Navigator.swift */; };
		FAD88F4421AEBE4A00BE7BC1 /* NotificationsCoordinatorProtocol.swift in Sources */ = {isa = PBXBuildFile; fileRef = FAD88F4321AEBE4A00BE7BC1 /* NotificationsCoordinatorProtocol.swift */; };
		FAD88F4621AEBE7400BE7BC1 /* NotificationsCoordinator.swift in Sources */ = {isa = PBXBuildFile; fileRef = FAD88F4521AEBE7400BE7BC1 /* NotificationsCoordinator.swift */; };
		FAD88F4D21AEC1A500BE7BC1 /* AuthenticationService.swift in Sources */ = {isa = PBXBuildFile; fileRef = FAD88F4721AEC1A400BE7BC1 /* AuthenticationService.swift */; };
		FAD88F4E21AEC1A500BE7BC1 /* Service.swift in Sources */ = {isa = PBXBuildFile; fileRef = FAD88F4821AEC1A400BE7BC1 /* Service.swift */; };
		FAD88F4F21AEC1A500BE7BC1 /* UsersService.swift in Sources */ = {isa = PBXBuildFile; fileRef = FAD88F4921AEC1A400BE7BC1 /* UsersService.swift */; };
		FAD88F5021AEC1A500BE7BC1 /* DevicesService.swift in Sources */ = {isa = PBXBuildFile; fileRef = FAD88F4A21AEC1A400BE7BC1 /* DevicesService.swift */; };
		FAD88F5221AEC1A500BE7BC1 /* APIClient.swift in Sources */ = {isa = PBXBuildFile; fileRef = FAD88F4C21AEC1A500BE7BC1 /* APIClient.swift */; };
		FAD88F5821AEC1F800BE7BC1 /* APIClientProtocol.swift in Sources */ = {isa = PBXBuildFile; fileRef = FAD88F5421AEC1F700BE7BC1 /* APIClientProtocol.swift */; };
		FAD88F5921AEC1F800BE7BC1 /* AuthenticationServiceProtocol.swift in Sources */ = {isa = PBXBuildFile; fileRef = FAD88F5521AEC1F700BE7BC1 /* AuthenticationServiceProtocol.swift */; };
		FAD88F5A21AEC1F800BE7BC1 /* UsersServiceProtocol.swift in Sources */ = {isa = PBXBuildFile; fileRef = FAD88F5621AEC1F700BE7BC1 /* UsersServiceProtocol.swift */; };
		FAD88F5B21AEC1F800BE7BC1 /* DevicesServiceProtocol.swift in Sources */ = {isa = PBXBuildFile; fileRef = FAD88F5721AEC1F700BE7BC1 /* DevicesServiceProtocol.swift */; };
		FAD88F5D21AEC28300BE7BC1 /* User.swift in Sources */ = {isa = PBXBuildFile; fileRef = FAD88F5C21AEC28300BE7BC1 /* User.swift */; };
		FAD88F5F21AEC5C600BE7BC1 /* AccountCoordinatorProtocol.swift in Sources */ = {isa = PBXBuildFile; fileRef = FAD88F5E21AEC5C600BE7BC1 /* AccountCoordinatorProtocol.swift */; };
		FAD88F6121AEC61800BE7BC1 /* AccountCoordinator.swift in Sources */ = {isa = PBXBuildFile; fileRef = FAD88F6021AEC61800BE7BC1 /* AccountCoordinator.swift */; };
		FAD88F7521AFD64000BE7BC1 /* APIResourceQueryParameters.swift in Sources */ = {isa = PBXBuildFile; fileRef = FAD88F6F21AFD63F00BE7BC1 /* APIResourceQueryParameters.swift */; };
		FAD88F7621AFD64000BE7BC1 /* APIResource.swift in Sources */ = {isa = PBXBuildFile; fileRef = FAD88F7021AFD63F00BE7BC1 /* APIResource.swift */; };
		FAD88F7721AFD64000BE7BC1 /* APIResourceMethod.swift in Sources */ = {isa = PBXBuildFile; fileRef = FAD88F7121AFD63F00BE7BC1 /* APIResourceMethod.swift */; };
		FAD88F7821AFD64000BE7BC1 /* APIResourcePath.swift in Sources */ = {isa = PBXBuildFile; fileRef = FAD88F7221AFD63F00BE7BC1 /* APIResourcePath.swift */; };
		FAD88F7921AFD64000BE7BC1 /* APIResourceRequest.swift in Sources */ = {isa = PBXBuildFile; fileRef = FAD88F7321AFD63F00BE7BC1 /* APIResourceRequest.swift */; };
		FAD88F7A21AFD64000BE7BC1 /* APIResourceKeyPath.swift in Sources */ = {isa = PBXBuildFile; fileRef = FAD88F7421AFD63F00BE7BC1 /* APIResourceKeyPath.swift */; };
		FAD88F8021B02A5000BE7BC1 /* Main.storyboard in Resources */ = {isa = PBXBuildFile; fileRef = FAD88F7F21B02A5000BE7BC1 /* Main.storyboard */; };
		FAD88F8221B0F95A00BE7BC1 /* Join.storyboard in Resources */ = {isa = PBXBuildFile; fileRef = FAD88F8121B0F95A00BE7BC1 /* Join.storyboard */; };
		FAD88F8421B0FB7800BE7BC1 /* LandingViewController.swift in Sources */ = {isa = PBXBuildFile; fileRef = FAD88F8321B0FB7800BE7BC1 /* LandingViewController.swift */; };
		FAD88F8821B1181600BE7BC1 /* MenuViewController.swift in Sources */ = {isa = PBXBuildFile; fileRef = FAD88F8721B1181600BE7BC1 /* MenuViewController.swift */; };
		FAD88F8C21B1228F00BE7BC1 /* MenuViewModel.swift in Sources */ = {isa = PBXBuildFile; fileRef = FAD88F8B21B1228E00BE7BC1 /* MenuViewModel.swift */; };
/* End PBXBuildFile section */

/* Begin PBXFileReference section */
		28A6F359936A24B73097CB3A /* Pods_skrudzh.framework */ = {isa = PBXFileReference; explicitFileType = wrapper.framework; includeInIndex = 0; path = Pods_skrudzh.framework; sourceTree = BUILT_PRODUCTS_DIR; };
		2FA97C1FC00F8ED22CFC7287 /* Pods-skrudzh.release.xcconfig */ = {isa = PBXFileReference; includeInIndex = 1; lastKnownFileType = text.xcconfig; name = "Pods-skrudzh.release.xcconfig"; path = "Pods/Target Support Files/Pods-skrudzh/Pods-skrudzh.release.xcconfig"; sourceTree = "<group>"; };
		C419C22762BA0505AF64D6FC /* Pods-skrudzh.debug.xcconfig */ = {isa = PBXFileReference; includeInIndex = 1; lastKnownFileType = text.xcconfig; name = "Pods-skrudzh.debug.xcconfig"; path = "Pods/Target Support Files/Pods-skrudzh/Pods-skrudzh.debug.xcconfig"; sourceTree = "<group>"; };
		FA0CADF621CBE56100805288 /* LoaderView.swift */ = {isa = PBXFileReference; lastKnownFileType = sourcecode.swift; path = LoaderView.swift; sourceTree = "<group>"; };
		FA0CADF821CBE58F00805288 /* LoaderView.xib */ = {isa = PBXFileReference; lastKnownFileType = file.xib; path = LoaderView.xib; sourceTree = "<group>"; };
		FA0CADFC21D257F400805288 /* ExpenseSource.swift */ = {isa = PBXFileReference; lastKnownFileType = sourcecode.swift; path = ExpenseSource.swift; sourceTree = "<group>"; };
		FA0CADFE21D25ED900805288 /* ExpenseSourcesServiceProtocol.swift */ = {isa = PBXFileReference; lastKnownFileType = sourcecode.swift; path = ExpenseSourcesServiceProtocol.swift; sourceTree = "<group>"; };
		FA0CAE0021D25F5300805288 /* ExpenseSourcesService.swift */ = {isa = PBXFileReference; lastKnownFileType = sourcecode.swift; path = ExpenseSourcesService.swift; sourceTree = "<group>"; };
		FA0CAE0221D2612500805288 /* ExpenseSourcesCoordinatorProtocol.swift */ = {isa = PBXFileReference; lastKnownFileType = sourcecode.swift; path = ExpenseSourcesCoordinatorProtocol.swift; sourceTree = "<group>"; };
		FA0CAE0421D2615900805288 /* ExpenseSourcesCoordinator.swift */ = {isa = PBXFileReference; lastKnownFileType = sourcecode.swift; path = ExpenseSourcesCoordinator.swift; sourceTree = "<group>"; };
		FA0CAE0621D266F100805288 /* ExpenseSourceViewModel.swift */ = {isa = PBXFileReference; lastKnownFileType = sourcecode.swift; path = ExpenseSourceViewModel.swift; sourceTree = "<group>"; };
		FA0CAE0821D39D3B00805288 /* ExpenseSourceCollectionViewCell.swift */ = {isa = PBXFileReference; lastKnownFileType = sourcecode.swift; path = ExpenseSourceCollectionViewCell.swift; sourceTree = "<group>"; };
		FA0CAE0A21D3C1D900805288 /* ExpenseSourceEditViewController.swift */ = {isa = PBXFileReference; lastKnownFileType = sourcecode.swift; path = ExpenseSourceEditViewController.swift; sourceTree = "<group>"; };
		FA0CAE0C21D3C1F100805288 /* ExpenseSourceEditTableController.swift */ = {isa = PBXFileReference; lastKnownFileType = sourcecode.swift; path = ExpenseSourceEditTableController.swift; sourceTree = "<group>"; };
		FA0CAE1021D3C23000805288 /* ExpenseSourceEditViewModel.swift */ = {isa = PBXFileReference; lastKnownFileType = sourcecode.swift; path = ExpenseSourceEditViewModel.swift; sourceTree = "<group>"; };
		FA0CAE1221D52CB300805288 /* MoneyTextField.swift */ = {isa = PBXFileReference; lastKnownFileType = sourcecode.swift; path = MoneyTextField.swift; sourceTree = "<group>"; };
		FA0CAE1421D669C000805288 /* Icon.swift */ = {isa = PBXFileReference; lastKnownFileType = sourcecode.swift; path = Icon.swift; sourceTree = "<group>"; };
		FA0CAE1621D66C8700805288 /* IconsServiceProtocol.swift */ = {isa = PBXFileReference; lastKnownFileType = sourcecode.swift; path = IconsServiceProtocol.swift; sourceTree = "<group>"; };
		FA0CAE1821D66CCD00805288 /* IconsService.swift */ = {isa = PBXFileReference; lastKnownFileType = sourcecode.swift; path = IconsService.swift; sourceTree = "<group>"; };
		FA0CAE1A21D66F9A00805288 /* IconsCoordinatorProtocol.swift */ = {isa = PBXFileReference; lastKnownFileType = sourcecode.swift; path = IconsCoordinatorProtocol.swift; sourceTree = "<group>"; };
		FA0CAE1C21D66FC200805288 /* IconsCoordinator.swift */ = {isa = PBXFileReference; lastKnownFileType = sourcecode.swift; path = IconsCoordinator.swift; sourceTree = "<group>"; };
		FA0CAE1E21D6785E00805288 /* IconCollectionViewCell.swift */ = {isa = PBXFileReference; lastKnownFileType = sourcecode.swift; path = IconCollectionViewCell.swift; sourceTree = "<group>"; };
		FA0CAE2121D679D100805288 /* IconsViewController.swift */ = {isa = PBXFileReference; lastKnownFileType = sourcecode.swift; path = IconsViewController.swift; sourceTree = "<group>"; };
		FA0CAE2521D67A7100805288 /* IconViewModel.swift */ = {isa = PBXFileReference; lastKnownFileType = sourcecode.swift; path = IconViewModel.swift; sourceTree = "<group>"; };
		FA0CAE2721D67B7F00805288 /* IconsViewModel.swift */ = {isa = PBXFileReference; lastKnownFileType = sourcecode.swift; path = IconsViewModel.swift; sourceTree = "<group>"; };
		FA165CD221B4EB6D00EAA16B /* RegistrationViewController.swift */ = {isa = PBXFileReference; lastKnownFileType = sourcecode.swift; path = RegistrationViewController.swift; sourceTree = "<group>"; };
		FA165CD521B4EF6800EAA16B /* RegistrationViewModel.swift */ = {isa = PBXFileReference; lastKnownFileType = sourcecode.swift; path = RegistrationViewModel.swift; sourceTree = "<group>"; };
		FA165CD921B652BE00EAA16B /* Profile.storyboard */ = {isa = PBXFileReference; lastKnownFileType = file.storyboard; path = Profile.storyboard; sourceTree = "<group>"; };
		FA165CDC21B6530C00EAA16B /* ProfileViewModel.swift */ = {isa = PBXFileReference; lastKnownFileType = sourcecode.swift; path = ProfileViewModel.swift; sourceTree = "<group>"; };
		FA165CDF21B6540600EAA16B /* ProfileViewController.swift */ = {isa = PBXFileReference; lastKnownFileType = sourcecode.swift; path = ProfileViewController.swift; sourceTree = "<group>"; };
		FA165CE121B65F0300EAA16B /* LoginViewModel.swift */ = {isa = PBXFileReference; lastKnownFileType = sourcecode.swift; path = LoginViewModel.swift; sourceTree = "<group>"; };
		FA165CE321B65F2F00EAA16B /* ValidationResult.swift */ = {isa = PBXFileReference; lastKnownFileType = sourcecode.swift; path = ValidationResult.swift; sourceTree = "<group>"; };
		FA165CE521B6669500EAA16B /* LoginViewController.swift */ = {isa = PBXFileReference; lastKnownFileType = sourcecode.swift; path = LoginViewController.swift; sourceTree = "<group>"; };
		FA165CE721B7654100EAA16B /* ForgotPasswordViewModel.swift */ = {isa = PBXFileReference; lastKnownFileType = sourcecode.swift; path = ForgotPasswordViewModel.swift; sourceTree = "<group>"; };
		FA165CE921B769B500EAA16B /* ForgotPasswordViewController.swift */ = {isa = PBXFileReference; lastKnownFileType = sourcecode.swift; path = ForgotPasswordViewController.swift; sourceTree = "<group>"; };
		FA165CEB21B7766900EAA16B /* ResetPasswordViewModel.swift */ = {isa = PBXFileReference; lastKnownFileType = sourcecode.swift; path = ResetPasswordViewModel.swift; sourceTree = "<group>"; };
		FA165CED21B7846C00EAA16B /* ResetPasswordViewController.swift */ = {isa = PBXFileReference; lastKnownFileType = sourcecode.swift; path = ResetPasswordViewController.swift; sourceTree = "<group>"; };
		FA165CEF21B7A1DC00EAA16B /* skrudzh.entitlements */ = {isa = PBXFileReference; lastKnownFileType = text.plist.entitlements; path = skrudzh.entitlements; sourceTree = "<group>"; };
		FA26813321B178D200FADED1 /* Rubik-MediumItalic.ttf */ = {isa = PBXFileReference; lastKnownFileType = file; path = "Rubik-MediumItalic.ttf"; sourceTree = "<group>"; };
		FA26813421B178D200FADED1 /* Rubik-Bold.ttf */ = {isa = PBXFileReference; lastKnownFileType = file; path = "Rubik-Bold.ttf"; sourceTree = "<group>"; };
		FA26813521B178D200FADED1 /* Rubik-Light.ttf */ = {isa = PBXFileReference; lastKnownFileType = file; path = "Rubik-Light.ttf"; sourceTree = "<group>"; };
		FA26813621B178D200FADED1 /* Rubik-Medium.ttf */ = {isa = PBXFileReference; lastKnownFileType = file; path = "Rubik-Medium.ttf"; sourceTree = "<group>"; };
		FA26813721B178D200FADED1 /* Rubik-Black.ttf */ = {isa = PBXFileReference; lastKnownFileType = file; path = "Rubik-Black.ttf"; sourceTree = "<group>"; };
		FA26813821B178D200FADED1 /* Rubik-Italic.ttf */ = {isa = PBXFileReference; lastKnownFileType = file; path = "Rubik-Italic.ttf"; sourceTree = "<group>"; };
		FA26813921B178D200FADED1 /* Rubik-LightItalic.ttf */ = {isa = PBXFileReference; lastKnownFileType = file; path = "Rubik-LightItalic.ttf"; sourceTree = "<group>"; };
		FA26813A21B178D200FADED1 /* OFL.txt */ = {isa = PBXFileReference; fileEncoding = 4; lastKnownFileType = text; path = OFL.txt; sourceTree = "<group>"; };
		FA26813B21B178D200FADED1 /* Rubik-BlackItalic.ttf */ = {isa = PBXFileReference; lastKnownFileType = file; path = "Rubik-BlackItalic.ttf"; sourceTree = "<group>"; };
		FA26813C21B178D200FADED1 /* Rubik-Regular.ttf */ = {isa = PBXFileReference; lastKnownFileType = file; path = "Rubik-Regular.ttf"; sourceTree = "<group>"; };
		FA26813D21B178D200FADED1 /* Rubik-BoldItalic.ttf */ = {isa = PBXFileReference; lastKnownFileType = file; path = "Rubik-BoldItalic.ttf"; sourceTree = "<group>"; };
		FA26814921B1833E00FADED1 /* MainViewController.swift */ = {isa = PBXFileReference; lastKnownFileType = sourcecode.swift; path = MainViewController.swift; sourceTree = "<group>"; };
		FA6270A221C7A87300CC0269 /* IncomeSourceEditTableController.swift */ = {isa = PBXFileReference; lastKnownFileType = sourcecode.swift; path = IncomeSourceEditTableController.swift; sourceTree = "<group>"; };
		FA6270A521CA3ED600CC0269 /* FieldViewModel.swift */ = {isa = PBXFileReference; lastKnownFileType = sourcecode.swift; path = FieldViewModel.swift; sourceTree = "<group>"; };
		FA6270A921CA93D100CC0269 /* FieldsViewModel.swift */ = {isa = PBXFileReference; lastKnownFileType = sourcecode.swift; path = FieldsViewModel.swift; sourceTree = "<group>"; };
		FA6270AC21CA9FEB00CC0269 /* FieldsViewControllerProtocol.swift */ = {isa = PBXFileReference; lastKnownFileType = sourcecode.swift; path = FieldsViewControllerProtocol.swift; sourceTree = "<group>"; };
		FA9F962721C2818E00FD64C1 /* IncomeSourceViewModel.swift */ = {isa = PBXFileReference; lastKnownFileType = sourcecode.swift; path = IncomeSourceViewModel.swift; sourceTree = "<group>"; };
		FA9F962921C2A86B00FD64C1 /* IncomeSourceEditViewController.swift */ = {isa = PBXFileReference; lastKnownFileType = sourcecode.swift; path = IncomeSourceEditViewController.swift; sourceTree = "<group>"; };
		FA9F962B21C2B1B600FD64C1 /* IncomeSourceEditViewModel.swift */ = {isa = PBXFileReference; lastKnownFileType = sourcecode.swift; path = IncomeSourceEditViewModel.swift; sourceTree = "<group>"; };
		FAC3B9B521B936CD0015A12F /* ChangePasswordViewModel.swift */ = {isa = PBXFileReference; lastKnownFileType = sourcecode.swift; path = ChangePasswordViewModel.swift; sourceTree = "<group>"; };
		FAC3B9B721B952950015A12F /* ChangePasswordViewController.swift */ = {isa = PBXFileReference; lastKnownFileType = sourcecode.swift; path = ChangePasswordViewController.swift; sourceTree = "<group>"; };
		FAC3B9B921B9FF5F0015A12F /* ProfileEditViewController.swift */ = {isa = PBXFileReference; lastKnownFileType = sourcecode.swift; path = ProfileEditViewController.swift; sourceTree = "<group>"; };
		FAC3B9BB21BA002E0015A12F /* ProfileEditViewModel.swift */ = {isa = PBXFileReference; lastKnownFileType = sourcecode.swift; path = ProfileEditViewModel.swift; sourceTree = "<group>"; };
		FAC3B9BD21BE0D1F0015A12F /* Onboarding.storyboard */ = {isa = PBXFileReference; lastKnownFileType = file.storyboard; path = Onboarding.storyboard; sourceTree = "<group>"; };
		FAC3B9C021BE15EC0015A12F /* OnboardingViewController.swift */ = {isa = PBXFileReference; lastKnownFileType = sourcecode.swift; path = OnboardingViewController.swift; sourceTree = "<group>"; };
		FAC3B9C221BE74CE0015A12F /* OnboardingPageViewController.swift */ = {isa = PBXFileReference; lastKnownFileType = sourcecode.swift; path = OnboardingPageViewController.swift; sourceTree = "<group>"; };
		FAC3B9C421C0EB790015A12F /* IncomeSource.swift */ = {isa = PBXFileReference; lastKnownFileType = sourcecode.swift; path = IncomeSource.swift; sourceTree = "<group>"; };
		FAC3B9C621C0F2AF0015A12F /* IncomeSourcesServiceProtocol.swift */ = {isa = PBXFileReference; lastKnownFileType = sourcecode.swift; path = IncomeSourcesServiceProtocol.swift; sourceTree = "<group>"; };
		FAC3B9C821C0F4610015A12F /* IncomeSourcesService.swift */ = {isa = PBXFileReference; lastKnownFileType = sourcecode.swift; path = IncomeSourcesService.swift; sourceTree = "<group>"; };
		FAC3B9CA21C0F60C0015A12F /* IncomeSourcesCoordinatorProtocol.swift */ = {isa = PBXFileReference; lastKnownFileType = sourcecode.swift; path = IncomeSourcesCoordinatorProtocol.swift; sourceTree = "<group>"; };
		FAC3B9CC21C0F7670015A12F /* IncomeSourcesCoordinator.swift */ = {isa = PBXFileReference; lastKnownFileType = sourcecode.swift; path = IncomeSourcesCoordinator.swift; sourceTree = "<group>"; };
		FAC3B9CE21C11F850015A12F /* MainViewModel.swift */ = {isa = PBXFileReference; lastKnownFileType = sourcecode.swift; path = MainViewModel.swift; sourceTree = "<group>"; };
		FAC3B9D021C131390015A12F /* JoinViewController.swift */ = {isa = PBXFileReference; lastKnownFileType = sourcecode.swift; path = JoinViewController.swift; sourceTree = "<group>"; };
		FAC3B9D321C2796B0015A12F /* IncomeSourceCollectionViewCell.swift */ = {isa = PBXFileReference; lastKnownFileType = sourcecode.swift; path = IncomeSourceCollectionViewCell.swift; sourceTree = "<group>"; };
		FAD88EF621AEA86E00BE7BC1 /* skrudzh.app */ = {isa = PBXFileReference; explicitFileType = wrapper.application; includeInIndex = 0; path = skrudzh.app; sourceTree = BUILT_PRODUCTS_DIR; };
		FAD88EF921AEA86E00BE7BC1 /* AppDelegate.swift */ = {isa = PBXFileReference; lastKnownFileType = sourcecode.swift; path = AppDelegate.swift; sourceTree = "<group>"; };
		FAD88F0021AEA87300BE7BC1 /* Assets.xcassets */ = {isa = PBXFileReference; lastKnownFileType = folder.assetcatalog; path = Assets.xcassets; sourceTree = "<group>"; };
		FAD88F0321AEA87300BE7BC1 /* Base */ = {isa = PBXFileReference; lastKnownFileType = file.storyboard; name = Base; path = Base.lproj/Launch.storyboard; sourceTree = "<group>"; };
		FAD88F0521AEA87300BE7BC1 /* Info.plist */ = {isa = PBXFileReference; lastKnownFileType = text.plist.xml; path = Info.plist; sourceTree = "<group>"; };
		FAD88F0C21AEB24F00BE7BC1 /* ApplicationAssembly.swift */ = {isa = PBXFileReference; lastKnownFileType = sourcecode.swift; path = ApplicationAssembly.swift; sourceTree = "<group>"; };
		FAD88F0E21AEB45A00BE7BC1 /* ManagersAssembly.swift */ = {isa = PBXFileReference; lastKnownFileType = sourcecode.swift; path = ManagersAssembly.swift; sourceTree = "<group>"; };
		FAD88F1221AEB48800BE7BC1 /* ApplicationRouterProtocol.swift */ = {isa = PBXFileReference; lastKnownFileType = sourcecode.swift; path = ApplicationRouterProtocol.swift; sourceTree = "<group>"; };
		FAD88F1421AEB52C00BE7BC1 /* ServicesAssembly.swift */ = {isa = PBXFileReference; lastKnownFileType = sourcecode.swift; path = ServicesAssembly.swift; sourceTree = "<group>"; };
		FAD88F1621AEB53F00BE7BC1 /* CoordinatorsAssembly.swift */ = {isa = PBXFileReference; lastKnownFileType = sourcecode.swift; path = CoordinatorsAssembly.swift; sourceTree = "<group>"; };
		FAD88F1C21AEB6A000BE7BC1 /* UserSessionManagerProtocol.swift */ = {isa = PBXFileReference; lastKnownFileType = sourcecode.swift; path = UserSessionManagerProtocol.swift; sourceTree = "<group>"; };
		FAD88F1E21AEB6CD00BE7BC1 /* UIMessagePresenterManagerProtocol.swift */ = {isa = PBXFileReference; lastKnownFileType = sourcecode.swift; path = UIMessagePresenterManagerProtocol.swift; sourceTree = "<group>"; };
		FAD88F2021AEB6ED00BE7BC1 /* NavigatorProtocol.swift */ = {isa = PBXFileReference; lastKnownFileType = sourcecode.swift; path = NavigatorProtocol.swift; sourceTree = "<group>"; };
		FAD88F2321AEB71000BE7BC1 /* NotificationsManagerProtocol.swift */ = {isa = PBXFileReference; lastKnownFileType = sourcecode.swift; path = NotificationsManagerProtocol.swift; sourceTree = "<group>"; };
		FAD88F2521AEB72800BE7BC1 /* NotificationsManager.swift */ = {isa = PBXFileReference; lastKnownFileType = sourcecode.swift; path = NotificationsManager.swift; sourceTree = "<group>"; };
		FAD88F2721AEB75800BE7BC1 /* NotificationCategory.swift */ = {isa = PBXFileReference; lastKnownFileType = sourcecode.swift; path = NotificationCategory.swift; sourceTree = "<group>"; };
		FAD88F2921AEB77200BE7BC1 /* NotificationAction.swift */ = {isa = PBXFileReference; lastKnownFileType = sourcecode.swift; path = NotificationAction.swift; sourceTree = "<group>"; };
		FAD88F2B21AEB78A00BE7BC1 /* NotificationsHandlerProtocol.swift */ = {isa = PBXFileReference; lastKnownFileType = sourcecode.swift; path = NotificationsHandlerProtocol.swift; sourceTree = "<group>"; };
		FAD88F2D21AEB79F00BE7BC1 /* NotificationsHandler.swift */ = {isa = PBXFileReference; lastKnownFileType = sourcecode.swift; path = NotificationsHandler.swift; sourceTree = "<group>"; };
		FAD88F2F21AEB7BD00BE7BC1 /* NotificationItem.swift */ = {isa = PBXFileReference; lastKnownFileType = sourcecode.swift; path = NotificationItem.swift; sourceTree = "<group>"; };
		FAD88F3121AEB7D500BE7BC1 /* KeepAliveNotificationItem.swift */ = {isa = PBXFileReference; lastKnownFileType = sourcecode.swift; path = KeepAliveNotificationItem.swift; sourceTree = "<group>"; };
		FAD88F3421AEB8BD00BE7BC1 /* ApplicationExtensions.swift */ = {isa = PBXFileReference; lastKnownFileType = sourcecode.swift; path = ApplicationExtensions.swift; sourceTree = "<group>"; };
		FAD88F3621AEB8F200BE7BC1 /* UIFlowManager.swift */ = {isa = PBXFileReference; lastKnownFileType = sourcecode.swift; path = UIFlowManager.swift; sourceTree = "<group>"; };
		FAD88F3821AEBAA600BE7BC1 /* Session.swift */ = {isa = PBXFileReference; lastKnownFileType = sourcecode.swift; path = Session.swift; sourceTree = "<group>"; };
		FAD88F3A21AEBABD00BE7BC1 /* ApplicationRouter.swift */ = {isa = PBXFileReference; lastKnownFileType = sourcecode.swift; path = ApplicationRouter.swift; sourceTree = "<group>"; };
		FAD88F3C21AEBB4200BE7BC1 /* UserSessionManager.swift */ = {isa = PBXFileReference; lastKnownFileType = sourcecode.swift; path = UserSessionManager.swift; sourceTree = "<group>"; };
		FAD88F3E21AEBDDB00BE7BC1 /* UIMessagePresenterManager.swift */ = {isa = PBXFileReference; lastKnownFileType = sourcecode.swift; path = UIMessagePresenterManager.swift; sourceTree = "<group>"; };
		FAD88F4021AEBDF900BE7BC1 /* Navigator.swift */ = {isa = PBXFileReference; lastKnownFileType = sourcecode.swift; path = Navigator.swift; sourceTree = "<group>"; };
		FAD88F4321AEBE4A00BE7BC1 /* NotificationsCoordinatorProtocol.swift */ = {isa = PBXFileReference; lastKnownFileType = sourcecode.swift; path = NotificationsCoordinatorProtocol.swift; sourceTree = "<group>"; };
		FAD88F4521AEBE7400BE7BC1 /* NotificationsCoordinator.swift */ = {isa = PBXFileReference; lastKnownFileType = sourcecode.swift; path = NotificationsCoordinator.swift; sourceTree = "<group>"; };
		FAD88F4721AEC1A400BE7BC1 /* AuthenticationService.swift */ = {isa = PBXFileReference; fileEncoding = 4; lastKnownFileType = sourcecode.swift; path = AuthenticationService.swift; sourceTree = "<group>"; };
		FAD88F4821AEC1A400BE7BC1 /* Service.swift */ = {isa = PBXFileReference; fileEncoding = 4; lastKnownFileType = sourcecode.swift; path = Service.swift; sourceTree = "<group>"; };
		FAD88F4921AEC1A400BE7BC1 /* UsersService.swift */ = {isa = PBXFileReference; fileEncoding = 4; lastKnownFileType = sourcecode.swift; path = UsersService.swift; sourceTree = "<group>"; };
		FAD88F4A21AEC1A400BE7BC1 /* DevicesService.swift */ = {isa = PBXFileReference; fileEncoding = 4; lastKnownFileType = sourcecode.swift; path = DevicesService.swift; sourceTree = "<group>"; };
		FAD88F4C21AEC1A500BE7BC1 /* APIClient.swift */ = {isa = PBXFileReference; fileEncoding = 4; lastKnownFileType = sourcecode.swift; path = APIClient.swift; sourceTree = "<group>"; };
		FAD88F5421AEC1F700BE7BC1 /* APIClientProtocol.swift */ = {isa = PBXFileReference; fileEncoding = 4; lastKnownFileType = sourcecode.swift; path = APIClientProtocol.swift; sourceTree = "<group>"; };
		FAD88F5521AEC1F700BE7BC1 /* AuthenticationServiceProtocol.swift */ = {isa = PBXFileReference; fileEncoding = 4; lastKnownFileType = sourcecode.swift; path = AuthenticationServiceProtocol.swift; sourceTree = "<group>"; };
		FAD88F5621AEC1F700BE7BC1 /* UsersServiceProtocol.swift */ = {isa = PBXFileReference; fileEncoding = 4; lastKnownFileType = sourcecode.swift; path = UsersServiceProtocol.swift; sourceTree = "<group>"; };
		FAD88F5721AEC1F700BE7BC1 /* DevicesServiceProtocol.swift */ = {isa = PBXFileReference; fileEncoding = 4; lastKnownFileType = sourcecode.swift; path = DevicesServiceProtocol.swift; sourceTree = "<group>"; };
		FAD88F5C21AEC28300BE7BC1 /* User.swift */ = {isa = PBXFileReference; lastKnownFileType = sourcecode.swift; path = User.swift; sourceTree = "<group>"; };
		FAD88F5E21AEC5C600BE7BC1 /* AccountCoordinatorProtocol.swift */ = {isa = PBXFileReference; lastKnownFileType = sourcecode.swift; path = AccountCoordinatorProtocol.swift; sourceTree = "<group>"; };
		FAD88F6021AEC61800BE7BC1 /* AccountCoordinator.swift */ = {isa = PBXFileReference; lastKnownFileType = sourcecode.swift; path = AccountCoordinator.swift; sourceTree = "<group>"; };
		FAD88F6F21AFD63F00BE7BC1 /* APIResourceQueryParameters.swift */ = {isa = PBXFileReference; fileEncoding = 4; lastKnownFileType = sourcecode.swift; name = APIResourceQueryParameters.swift; path = skrudzh/Services/API/APIResourceQueryParameters.swift; sourceTree = SOURCE_ROOT; };
		FAD88F7021AFD63F00BE7BC1 /* APIResource.swift */ = {isa = PBXFileReference; fileEncoding = 4; lastKnownFileType = sourcecode.swift; name = APIResource.swift; path = skrudzh/Services/API/APIResource.swift; sourceTree = SOURCE_ROOT; };
		FAD88F7121AFD63F00BE7BC1 /* APIResourceMethod.swift */ = {isa = PBXFileReference; fileEncoding = 4; lastKnownFileType = sourcecode.swift; name = APIResourceMethod.swift; path = skrudzh/Services/API/APIResourceMethod.swift; sourceTree = SOURCE_ROOT; };
		FAD88F7221AFD63F00BE7BC1 /* APIResourcePath.swift */ = {isa = PBXFileReference; fileEncoding = 4; lastKnownFileType = sourcecode.swift; name = APIResourcePath.swift; path = skrudzh/Services/API/APIResourcePath.swift; sourceTree = SOURCE_ROOT; };
		FAD88F7321AFD63F00BE7BC1 /* APIResourceRequest.swift */ = {isa = PBXFileReference; fileEncoding = 4; lastKnownFileType = sourcecode.swift; name = APIResourceRequest.swift; path = skrudzh/Services/API/APIResourceRequest.swift; sourceTree = SOURCE_ROOT; };
		FAD88F7421AFD63F00BE7BC1 /* APIResourceKeyPath.swift */ = {isa = PBXFileReference; fileEncoding = 4; lastKnownFileType = sourcecode.swift; name = APIResourceKeyPath.swift; path = skrudzh/Services/API/APIResourceKeyPath.swift; sourceTree = SOURCE_ROOT; };
		FAD88F7F21B02A5000BE7BC1 /* Main.storyboard */ = {isa = PBXFileReference; lastKnownFileType = file.storyboard; path = Main.storyboard; sourceTree = "<group>"; };
		FAD88F8121B0F95A00BE7BC1 /* Join.storyboard */ = {isa = PBXFileReference; lastKnownFileType = file.storyboard; path = Join.storyboard; sourceTree = "<group>"; };
		FAD88F8321B0FB7800BE7BC1 /* LandingViewController.swift */ = {isa = PBXFileReference; lastKnownFileType = sourcecode.swift; path = LandingViewController.swift; sourceTree = "<group>"; };
		FAD88F8721B1181600BE7BC1 /* MenuViewController.swift */ = {isa = PBXFileReference; lastKnownFileType = sourcecode.swift; path = MenuViewController.swift; sourceTree = "<group>"; };
		FAD88F8B21B1228E00BE7BC1 /* MenuViewModel.swift */ = {isa = PBXFileReference; lastKnownFileType = sourcecode.swift; path = MenuViewModel.swift; sourceTree = "<group>"; };
/* End PBXFileReference section */

/* Begin PBXFrameworksBuildPhase section */
		FAD88EF321AEA86E00BE7BC1 /* Frameworks */ = {
			isa = PBXFrameworksBuildPhase;
			buildActionMask = 2147483647;
			files = (
				ACA15497C062BEC12449D2F3 /* Pods_skrudzh.framework in Frameworks */,
			);
			runOnlyForDeploymentPostprocessing = 0;
		};
/* End PBXFrameworksBuildPhase section */

/* Begin PBXGroup section */
		29001D9CE2C1E7A36AE9C4E2 /* Pods */ = {
			isa = PBXGroup;
			children = (
				C419C22762BA0505AF64D6FC /* Pods-skrudzh.debug.xcconfig */,
				2FA97C1FC00F8ED22CFC7287 /* Pods-skrudzh.release.xcconfig */,
			);
			name = Pods;
			sourceTree = "<group>";
		};
		95151D80691A2B25D6AF9C34 /* Frameworks */ = {
			isa = PBXGroup;
			children = (
				28A6F359936A24B73097CB3A /* Pods_skrudzh.framework */,
			);
			name = Frameworks;
			sourceTree = "<group>";
		};
		FA0CADF321CBE41F00805288 /* Common */ = {
			isa = PBXGroup;
			children = (
				FA0CADF621CBE56100805288 /* LoaderView.swift */,
				FA0CADF821CBE58F00805288 /* LoaderView.xib */,
				FA0CAE1221D52CB300805288 /* MoneyTextField.swift */,
			);
			path = Common;
			sourceTree = "<group>";
		};
		FA0CAE2021D679C000805288 /* Icons */ = {
			isa = PBXGroup;
			children = (
				FA0CAE2121D679D100805288 /* IconsViewController.swift */,
			);
			path = Icons;
			sourceTree = "<group>";
		};
		FA0CAE2321D67A4E00805288 /* Icons */ = {
			isa = PBXGroup;
			children = (
				FA0CAE1E21D6785E00805288 /* IconCollectionViewCell.swift */,
			);
			path = Icons;
			sourceTree = "<group>";
		};
		FA0CAE2421D67A6000805288 /* Icons */ = {
			isa = PBXGroup;
			children = (
				FA0CAE2521D67A7100805288 /* IconViewModel.swift */,
				FA0CAE2721D67B7F00805288 /* IconsViewModel.swift */,
			);
			path = Icons;
			sourceTree = "<group>";
		};
		FA165CD421B4EF5500EAA16B /* Join */ = {
			isa = PBXGroup;
			children = (
				FA165CD521B4EF6800EAA16B /* RegistrationViewModel.swift */,
				FA165CE121B65F0300EAA16B /* LoginViewModel.swift */,
				FA165CE721B7654100EAA16B /* ForgotPasswordViewModel.swift */,
				FA165CEB21B7766900EAA16B /* ResetPasswordViewModel.swift */,
			);
			path = Join;
			sourceTree = "<group>";
		};
		FA165CDB21B652F600EAA16B /* Profile */ = {
			isa = PBXGroup;
			children = (
				FA165CDC21B6530C00EAA16B /* ProfileViewModel.swift */,
				FAC3B9B521B936CD0015A12F /* ChangePasswordViewModel.swift */,
				FAC3B9BB21BA002E0015A12F /* ProfileEditViewModel.swift */,
			);
			path = Profile;
			sourceTree = "<group>";
		};
		FA165CDE21B653F300EAA16B /* Profile */ = {
			isa = PBXGroup;
			children = (
				FA165CDF21B6540600EAA16B /* ProfileViewController.swift */,
				FAC3B9B721B952950015A12F /* ChangePasswordViewController.swift */,
				FAC3B9B921B9FF5F0015A12F /* ProfileEditViewController.swift */,
			);
			path = Profile;
			sourceTree = "<group>";
		};
		FA26813121B178A100FADED1 /* Resources */ = {
			isa = PBXGroup;
			children = (
				FA26813221B178D200FADED1 /* Rubik */,
			);
			path = Resources;
			sourceTree = "<group>";
		};
		FA26813221B178D200FADED1 /* Rubik */ = {
			isa = PBXGroup;
			children = (
				FA26813321B178D200FADED1 /* Rubik-MediumItalic.ttf */,
				FA26813421B178D200FADED1 /* Rubik-Bold.ttf */,
				FA26813521B178D200FADED1 /* Rubik-Light.ttf */,
				FA26813621B178D200FADED1 /* Rubik-Medium.ttf */,
				FA26813721B178D200FADED1 /* Rubik-Black.ttf */,
				FA26813821B178D200FADED1 /* Rubik-Italic.ttf */,
				FA26813921B178D200FADED1 /* Rubik-LightItalic.ttf */,
				FA26813A21B178D200FADED1 /* OFL.txt */,
				FA26813B21B178D200FADED1 /* Rubik-BlackItalic.ttf */,
				FA26813C21B178D200FADED1 /* Rubik-Regular.ttf */,
				FA26813D21B178D200FADED1 /* Rubik-BoldItalic.ttf */,
			);
			path = Rubik;
			sourceTree = "<group>";
		};
		FA6270A421CA3EB900CC0269 /* Common */ = {
			isa = PBXGroup;
			children = (
				FA6270A521CA3ED600CC0269 /* FieldViewModel.swift */,
				FA6270A921CA93D100CC0269 /* FieldsViewModel.swift */,
			);
			path = Common;
			sourceTree = "<group>";
		};
		FA6270AB21CA9FD700CC0269 /* Common */ = {
			isa = PBXGroup;
			children = (
				FA6270AC21CA9FEB00CC0269 /* FieldsViewControllerProtocol.swift */,
			);
			path = Common;
			sourceTree = "<group>";
		};
		FAC3B9BF21BE15CE0015A12F /* Onboarding */ = {
			isa = PBXGroup;
			children = (
				FAC3B9C021BE15EC0015A12F /* OnboardingViewController.swift */,
				FAC3B9C221BE74CE0015A12F /* OnboardingPageViewController.swift */,
			);
			path = Onboarding;
			sourceTree = "<group>";
		};
		FAC3B9D221C279450015A12F /* Main */ = {
			isa = PBXGroup;
			children = (
				FAC3B9D321C2796B0015A12F /* IncomeSourceCollectionViewCell.swift */,
				FA0CAE0821D39D3B00805288 /* ExpenseSourceCollectionViewCell.swift */,
			);
			path = Main;
			sourceTree = "<group>";
		};
		FAD88EED21AEA86E00BE7BC1 = {
			isa = PBXGroup;
			children = (
				FAD88EF821AEA86E00BE7BC1 /* skrudzh */,
				FAD88EF721AEA86E00BE7BC1 /* Products */,
				29001D9CE2C1E7A36AE9C4E2 /* Pods */,
				95151D80691A2B25D6AF9C34 /* Frameworks */,
			);
			sourceTree = "<group>";
		};
		FAD88EF721AEA86E00BE7BC1 /* Products */ = {
			isa = PBXGroup;
			children = (
				FAD88EF621AEA86E00BE7BC1 /* skrudzh.app */,
			);
			name = Products;
			sourceTree = "<group>";
		};
		FAD88EF821AEA86E00BE7BC1 /* skrudzh */ = {
			isa = PBXGroup;
			children = (
				FA165CEF21B7A1DC00EAA16B /* skrudzh.entitlements */,
				FA26813121B178A100FADED1 /* Resources */,
				FAD88F0B21AEB22600BE7BC1 /* Assembly */,
				FAD88F3321AEB89000BE7BC1 /* Helpers */,
				FAD88F1821AEB62D00BE7BC1 /* Coordinators */,
				FAD88F1921AEB63500BE7BC1 /* Services */,
				FAD88F1021AEB46300BE7BC1 /* Managers */,
				FAD88F1B21AEB65800BE7BC1 /* Models */,
				FAD88F1A21AEB65200BE7BC1 /* UI */,
				FAD88EF921AEA86E00BE7BC1 /* AppDelegate.swift */,
				FAD88F0021AEA87300BE7BC1 /* Assets.xcassets */,
				FAD88F0521AEA87300BE7BC1 /* Info.plist */,
			);
			path = skrudzh;
			sourceTree = "<group>";
		};
		FAD88F0B21AEB22600BE7BC1 /* Assembly */ = {
			isa = PBXGroup;
			children = (
				FAD88F0C21AEB24F00BE7BC1 /* ApplicationAssembly.swift */,
				FAD88F0E21AEB45A00BE7BC1 /* ManagersAssembly.swift */,
				FAD88F1421AEB52C00BE7BC1 /* ServicesAssembly.swift */,
				FAD88F1621AEB53F00BE7BC1 /* CoordinatorsAssembly.swift */,
			);
			path = Assembly;
			sourceTree = "<group>";
		};
		FAD88F1021AEB46300BE7BC1 /* Managers */ = {
			isa = PBXGroup;
			children = (
				FAD88F2221AEB6FB00BE7BC1 /* Notifications */,
				FAD88F1121AEB47100BE7BC1 /* Protocols */,
				FAD88F3A21AEBABD00BE7BC1 /* ApplicationRouter.swift */,
				FAD88F3C21AEBB4200BE7BC1 /* UserSessionManager.swift */,
				FAD88F3E21AEBDDB00BE7BC1 /* UIMessagePresenterManager.swift */,
				FAD88F4021AEBDF900BE7BC1 /* Navigator.swift */,
			);
			path = Managers;
			sourceTree = "<group>";
		};
		FAD88F1121AEB47100BE7BC1 /* Protocols */ = {
			isa = PBXGroup;
			children = (
				FAD88F1221AEB48800BE7BC1 /* ApplicationRouterProtocol.swift */,
				FAD88F1C21AEB6A000BE7BC1 /* UserSessionManagerProtocol.swift */,
				FAD88F1E21AEB6CD00BE7BC1 /* UIMessagePresenterManagerProtocol.swift */,
				FAD88F2021AEB6ED00BE7BC1 /* NavigatorProtocol.swift */,
			);
			path = Protocols;
			sourceTree = "<group>";
		};
		FAD88F1821AEB62D00BE7BC1 /* Coordinators */ = {
			isa = PBXGroup;
			children = (
				FAD88F4221AEBE3E00BE7BC1 /* Protocols */,
				FAD88F4521AEBE7400BE7BC1 /* NotificationsCoordinator.swift */,
				FAD88F6021AEC61800BE7BC1 /* AccountCoordinator.swift */,
				FAC3B9CC21C0F7670015A12F /* IncomeSourcesCoordinator.swift */,
				FA0CAE0421D2615900805288 /* ExpenseSourcesCoordinator.swift */,
				FA0CAE1C21D66FC200805288 /* IconsCoordinator.swift */,
			);
			path = Coordinators;
			sourceTree = "<group>";
		};
		FAD88F1921AEB63500BE7BC1 /* Services */ = {
			isa = PBXGroup;
			children = (
				FAD88F6221AFD59B00BE7BC1 /* API */,
				FAD88F5321AEC1CE00BE7BC1 /* Protocols */,
				FAD88F4C21AEC1A500BE7BC1 /* APIClient.swift */,
				FAD88F4721AEC1A400BE7BC1 /* AuthenticationService.swift */,
				FAD88F4A21AEC1A400BE7BC1 /* DevicesService.swift */,
				FAD88F4821AEC1A400BE7BC1 /* Service.swift */,
				FAD88F4921AEC1A400BE7BC1 /* UsersService.swift */,
				FAC3B9C821C0F4610015A12F /* IncomeSourcesService.swift */,
				FA0CAE0021D25F5300805288 /* ExpenseSourcesService.swift */,
				FA0CAE1821D66CCD00805288 /* IconsService.swift */,
			);
			path = Services;
			sourceTree = "<group>";
		};
		FAD88F1A21AEB65200BE7BC1 /* UI */ = {
			isa = PBXGroup;
			children = (
				FAD88F7B21B027B500BE7BC1 /* Views */,
				FAD88F7C21B027BF00BE7BC1 /* ViewModels */,
				FAD88F7D21B027C600BE7BC1 /* ViewControllers */,
				FAD88F7E21B027D500BE7BC1 /* Storyboards */,
			);
			path = UI;
			sourceTree = "<group>";
		};
		FAD88F1B21AEB65800BE7BC1 /* Models */ = {
			isa = PBXGroup;
			children = (
				FAD88F3821AEBAA600BE7BC1 /* Session.swift */,
				FAD88F5C21AEC28300BE7BC1 /* User.swift */,
				FAC3B9C421C0EB790015A12F /* IncomeSource.swift */,
				FA0CADFC21D257F400805288 /* ExpenseSource.swift */,
				FA0CAE1421D669C000805288 /* Icon.swift */,
			);
			path = Models;
			sourceTree = "<group>";
		};
		FAD88F2221AEB6FB00BE7BC1 /* Notifications */ = {
			isa = PBXGroup;
			children = (
				FAD88F2321AEB71000BE7BC1 /* NotificationsManagerProtocol.swift */,
				FAD88F2521AEB72800BE7BC1 /* NotificationsManager.swift */,
				FAD88F2721AEB75800BE7BC1 /* NotificationCategory.swift */,
				FAD88F2921AEB77200BE7BC1 /* NotificationAction.swift */,
				FAD88F2B21AEB78A00BE7BC1 /* NotificationsHandlerProtocol.swift */,
				FAD88F2D21AEB79F00BE7BC1 /* NotificationsHandler.swift */,
				FAD88F2F21AEB7BD00BE7BC1 /* NotificationItem.swift */,
				FAD88F3121AEB7D500BE7BC1 /* KeepAliveNotificationItem.swift */,
			);
			path = Notifications;
			sourceTree = "<group>";
		};
		FAD88F3321AEB89000BE7BC1 /* Helpers */ = {
			isa = PBXGroup;
			children = (
				FAD88F3421AEB8BD00BE7BC1 /* ApplicationExtensions.swift */,
				FAD88F3621AEB8F200BE7BC1 /* UIFlowManager.swift */,
				FA165CE321B65F2F00EAA16B /* ValidationResult.swift */,
			);
			path = Helpers;
			sourceTree = "<group>";
		};
		FAD88F4221AEBE3E00BE7BC1 /* Protocols */ = {
			isa = PBXGroup;
			children = (
				FAD88F4321AEBE4A00BE7BC1 /* NotificationsCoordinatorProtocol.swift */,
				FAD88F5E21AEC5C600BE7BC1 /* AccountCoordinatorProtocol.swift */,
				FAC3B9CA21C0F60C0015A12F /* IncomeSourcesCoordinatorProtocol.swift */,
				FA0CAE0221D2612500805288 /* ExpenseSourcesCoordinatorProtocol.swift */,
				FA0CAE1A21D66F9A00805288 /* IconsCoordinatorProtocol.swift */,
			);
			path = Protocols;
			sourceTree = "<group>";
		};
		FAD88F5321AEC1CE00BE7BC1 /* Protocols */ = {
			isa = PBXGroup;
			children = (
				FAD88F5421AEC1F700BE7BC1 /* APIClientProtocol.swift */,
				FAD88F5521AEC1F700BE7BC1 /* AuthenticationServiceProtocol.swift */,
				FAD88F5721AEC1F700BE7BC1 /* DevicesServiceProtocol.swift */,
				FAD88F5621AEC1F700BE7BC1 /* UsersServiceProtocol.swift */,
				FAC3B9C621C0F2AF0015A12F /* IncomeSourcesServiceProtocol.swift */,
				FA0CADFE21D25ED900805288 /* ExpenseSourcesServiceProtocol.swift */,
				FA0CAE1621D66C8700805288 /* IconsServiceProtocol.swift */,
			);
			path = Protocols;
			sourceTree = "<group>";
		};
		FAD88F6221AFD59B00BE7BC1 /* API */ = {
			isa = PBXGroup;
			children = (
				FAD88F7021AFD63F00BE7BC1 /* APIResource.swift */,
				FAD88F7421AFD63F00BE7BC1 /* APIResourceKeyPath.swift */,
				FAD88F7121AFD63F00BE7BC1 /* APIResourceMethod.swift */,
				FAD88F7221AFD63F00BE7BC1 /* APIResourcePath.swift */,
				FAD88F6F21AFD63F00BE7BC1 /* APIResourceQueryParameters.swift */,
				FAD88F7321AFD63F00BE7BC1 /* APIResourceRequest.swift */,
			);
			path = API;
			sourceTree = "<group>";
		};
		FAD88F7B21B027B500BE7BC1 /* Views */ = {
			isa = PBXGroup;
			children = (
				FA0CAE2321D67A4E00805288 /* Icons */,
				FA0CADF321CBE41F00805288 /* Common */,
				FAC3B9D221C279450015A12F /* Main */,
			);
			path = Views;
			sourceTree = "<group>";
		};
		FAD88F7C21B027BF00BE7BC1 /* ViewModels */ = {
			isa = PBXGroup;
			children = (
				FA0CAE2421D67A6000805288 /* Icons */,
				FA6270A421CA3EB900CC0269 /* Common */,
				FA165CDB21B652F600EAA16B /* Profile */,
				FA165CD421B4EF5500EAA16B /* Join */,
				FAD88F8921B1226900BE7BC1 /* Main */,
			);
			path = ViewModels;
			sourceTree = "<group>";
		};
		FAD88F7D21B027C600BE7BC1 /* ViewControllers */ = {
			isa = PBXGroup;
			children = (
				FA0CAE2021D679C000805288 /* Icons */,
				FA6270AB21CA9FD700CC0269 /* Common */,
				FAC3B9BF21BE15CE0015A12F /* Onboarding */,
				FA165CDE21B653F300EAA16B /* Profile */,
				FAD88F8621B117CF00BE7BC1 /* Join */,
				FAD88F8521B117BC00BE7BC1 /* Main */,
			);
			path = ViewControllers;
			sourceTree = "<group>";
		};
		FAD88F7E21B027D500BE7BC1 /* Storyboards */ = {
			isa = PBXGroup;
			children = (
				FAD88F0221AEA87300BE7BC1 /* Launch.storyboard */,
				FAD88F8121B0F95A00BE7BC1 /* Join.storyboard */,
				FAD88F7F21B02A5000BE7BC1 /* Main.storyboard */,
				FA165CD921B652BE00EAA16B /* Profile.storyboard */,
				FAC3B9BD21BE0D1F0015A12F /* Onboarding.storyboard */,
			);
			path = Storyboards;
			sourceTree = "<group>";
		};
		FAD88F8521B117BC00BE7BC1 /* Main */ = {
			isa = PBXGroup;
			children = (
				FAD88F8721B1181600BE7BC1 /* MenuViewController.swift */,
				FA26814921B1833E00FADED1 /* MainViewController.swift */,
				FA9F962921C2A86B00FD64C1 /* IncomeSourceEditViewController.swift */,
				FA6270A221C7A87300CC0269 /* IncomeSourceEditTableController.swift */,
				FA0CAE0A21D3C1D900805288 /* ExpenseSourceEditViewController.swift */,
				FA0CAE0C21D3C1F100805288 /* ExpenseSourceEditTableController.swift */,
			);
			path = Main;
			sourceTree = "<group>";
		};
		FAD88F8621B117CF00BE7BC1 /* Join */ = {
			isa = PBXGroup;
			children = (
				FAD88F8321B0FB7800BE7BC1 /* LandingViewController.swift */,
				FAC3B9D021C131390015A12F /* JoinViewController.swift */,
				FA165CD221B4EB6D00EAA16B /* RegistrationViewController.swift */,
				FA165CE521B6669500EAA16B /* LoginViewController.swift */,
				FA165CE921B769B500EAA16B /* ForgotPasswordViewController.swift */,
				FA165CED21B7846C00EAA16B /* ResetPasswordViewController.swift */,
			);
			path = Join;
			sourceTree = "<group>";
		};
		FAD88F8921B1226900BE7BC1 /* Main */ = {
			isa = PBXGroup;
			children = (
				FAD88F8A21B1227600BE7BC1 /* Menu */,
				FAC3B9CE21C11F850015A12F /* MainViewModel.swift */,
				FA9F962721C2818E00FD64C1 /* IncomeSourceViewModel.swift */,
				FA9F962B21C2B1B600FD64C1 /* IncomeSourceEditViewModel.swift */,
				FA0CAE0621D266F100805288 /* ExpenseSourceViewModel.swift */,
				FA0CAE1021D3C23000805288 /* ExpenseSourceEditViewModel.swift */,
			);
			path = Main;
			sourceTree = "<group>";
		};
		FAD88F8A21B1227600BE7BC1 /* Menu */ = {
			isa = PBXGroup;
			children = (
				FAD88F8B21B1228E00BE7BC1 /* MenuViewModel.swift */,
			);
			path = Menu;
			sourceTree = "<group>";
		};
/* End PBXGroup section */

/* Begin PBXNativeTarget section */
		FAD88EF521AEA86E00BE7BC1 /* skrudzh */ = {
			isa = PBXNativeTarget;
			buildConfigurationList = FAD88F0821AEA87300BE7BC1 /* Build configuration list for PBXNativeTarget "skrudzh" */;
			buildPhases = (
				168E3B56739FB6E5999FF4C7 /* [CP] Check Pods Manifest.lock */,
				FAD88EF221AEA86E00BE7BC1 /* Sources */,
				FAD88EF321AEA86E00BE7BC1 /* Frameworks */,
				FAD88EF421AEA86E00BE7BC1 /* Resources */,
				388A8E3E3B22EBA765471A96 /* [CP] Embed Pods Frameworks */,
			);
			buildRules = (
			);
			dependencies = (
			);
			name = skrudzh;
			productName = skrudzh;
			productReference = FAD88EF621AEA86E00BE7BC1 /* skrudzh.app */;
			productType = "com.apple.product-type.application";
		};
/* End PBXNativeTarget section */

/* Begin PBXProject section */
		FAD88EEE21AEA86E00BE7BC1 /* Project object */ = {
			isa = PBXProject;
			attributes = {
				LastSwiftUpdateCheck = 1000;
				LastUpgradeCheck = 1000;
				ORGANIZATIONNAME = rubikon;
				TargetAttributes = {
					FAD88EF521AEA86E00BE7BC1 = {
						CreatedOnToolsVersion = 10.0;
						SystemCapabilities = {
							com.apple.AutoFillCredentialProvider = {
								enabled = 0;
							};
							com.apple.SafariKeychain = {
								enabled = 0;
							};
						};
					};
				};
			};
			buildConfigurationList = FAD88EF121AEA86E00BE7BC1 /* Build configuration list for PBXProject "skrudzh" */;
			compatibilityVersion = "Xcode 9.3";
			developmentRegion = en;
			hasScannedForEncodings = 0;
			knownRegions = (
				en,
				Base,
			);
			mainGroup = FAD88EED21AEA86E00BE7BC1;
			productRefGroup = FAD88EF721AEA86E00BE7BC1 /* Products */;
			projectDirPath = "";
			projectRoot = "";
			targets = (
				FAD88EF521AEA86E00BE7BC1 /* skrudzh */,
			);
		};
/* End PBXProject section */

/* Begin PBXResourcesBuildPhase section */
		FAD88EF421AEA86E00BE7BC1 /* Resources */ = {
			isa = PBXResourcesBuildPhase;
			buildActionMask = 2147483647;
			files = (
				FAD88F8021B02A5000BE7BC1 /* Main.storyboard in Resources */,
				FA0CADF921CBE58F00805288 /* LoaderView.xib in Resources */,
				FA26814721B178D300FADED1 /* Rubik-Regular.ttf in Resources */,
				FA26813F21B178D300FADED1 /* Rubik-Bold.ttf in Resources */,
				FAD88F0421AEA87300BE7BC1 /* Launch.storyboard in Resources */,
				FA26814421B178D300FADED1 /* Rubik-LightItalic.ttf in Resources */,
				FA26813E21B178D300FADED1 /* Rubik-MediumItalic.ttf in Resources */,
				FAD88F8221B0F95A00BE7BC1 /* Join.storyboard in Resources */,
				FA26814521B178D300FADED1 /* OFL.txt in Resources */,
				FA26814021B178D300FADED1 /* Rubik-Light.ttf in Resources */,
				FA26814321B178D300FADED1 /* Rubik-Italic.ttf in Resources */,
				FAC3B9BE21BE0D1F0015A12F /* Onboarding.storyboard in Resources */,
				FA165CDA21B652BE00EAA16B /* Profile.storyboard in Resources */,
				FA26814821B178D300FADED1 /* Rubik-BoldItalic.ttf in Resources */,
				FA26814621B178D300FADED1 /* Rubik-BlackItalic.ttf in Resources */,
				FA26814221B178D300FADED1 /* Rubik-Black.ttf in Resources */,
				FAD88F0121AEA87300BE7BC1 /* Assets.xcassets in Resources */,
				FA26814121B178D300FADED1 /* Rubik-Medium.ttf in Resources */,
			);
			runOnlyForDeploymentPostprocessing = 0;
		};
/* End PBXResourcesBuildPhase section */

/* Begin PBXShellScriptBuildPhase section */
		168E3B56739FB6E5999FF4C7 /* [CP] Check Pods Manifest.lock */ = {
			isa = PBXShellScriptBuildPhase;
			buildActionMask = 2147483647;
			files = (
			);
			inputFileListPaths = (
			);
			inputPaths = (
				"${PODS_PODFILE_DIR_PATH}/Podfile.lock",
				"${PODS_ROOT}/Manifest.lock",
			);
			name = "[CP] Check Pods Manifest.lock";
			outputFileListPaths = (
			);
			outputPaths = (
				"$(DERIVED_FILE_DIR)/Pods-skrudzh-checkManifestLockResult.txt",
			);
			runOnlyForDeploymentPostprocessing = 0;
			shellPath = /bin/sh;
			shellScript = "diff \"${PODS_PODFILE_DIR_PATH}/Podfile.lock\" \"${PODS_ROOT}/Manifest.lock\" > /dev/null\nif [ $? != 0 ] ; then\n    # print error to STDERR\n    echo \"error: The sandbox is not in sync with the Podfile.lock. Run 'pod install' or update your CocoaPods installation.\" >&2\n    exit 1\nfi\n# This output is used by Xcode 'outputs' to avoid re-running this script phase.\necho \"SUCCESS\" > \"${SCRIPT_OUTPUT_FILE_0}\"\n";
			showEnvVarsInLog = 0;
		};
		388A8E3E3B22EBA765471A96 /* [CP] Embed Pods Frameworks */ = {
			isa = PBXShellScriptBuildPhase;
			buildActionMask = 2147483647;
			files = (
			);
			inputFileListPaths = (
			);
			inputPaths = (
				"${SRCROOT}/Pods/Target Support Files/Pods-skrudzh/Pods-skrudzh-frameworks.sh",
				"${BUILT_PRODUCTS_DIR}/Alamofire/Alamofire.framework",
				"${BUILT_PRODUCTS_DIR}/AlamofireImage/AlamofireImage.framework",
				"${BUILT_PRODUCTS_DIR}/CWStatusBarNotification/CWStatusBarNotification.framework",
				"${BUILT_PRODUCTS_DIR}/Locksmith/Locksmith.framework",
				"${BUILT_PRODUCTS_DIR}/PromiseKit/PromiseKit.framework",
				"${BUILT_PRODUCTS_DIR}/SVProgressHUD/SVProgressHUD.framework",
				"${BUILT_PRODUCTS_DIR}/SideMenu/SideMenu.framework",
				"${BUILT_PRODUCTS_DIR}/SkyFloatingLabelTextField/SkyFloatingLabelTextField.framework",
				"${BUILT_PRODUCTS_DIR}/StaticDataTableViewController/StaticDataTableViewController.framework",
				"${BUILT_PRODUCTS_DIR}/SwiftDate/SwiftDate.framework",
				"${BUILT_PRODUCTS_DIR}/SwiftMessages/SwiftMessages.framework",
				"${BUILT_PRODUCTS_DIR}/SwifterSwift/SwifterSwift.framework",
				"${BUILT_PRODUCTS_DIR}/Swinject/Swinject.framework",
				"${BUILT_PRODUCTS_DIR}/SwinjectStoryboard/SwinjectStoryboard.framework",
				"${BUILT_PRODUCTS_DIR}/TPKeyboardAvoiding/TPKeyboardAvoiding.framework",
			);
			name = "[CP] Embed Pods Frameworks";
			outputFileListPaths = (
			);
			outputPaths = (
				"${TARGET_BUILD_DIR}/${FRAMEWORKS_FOLDER_PATH}/Alamofire.framework",
				"${TARGET_BUILD_DIR}/${FRAMEWORKS_FOLDER_PATH}/AlamofireImage.framework",
				"${TARGET_BUILD_DIR}/${FRAMEWORKS_FOLDER_PATH}/CWStatusBarNotification.framework",
				"${TARGET_BUILD_DIR}/${FRAMEWORKS_FOLDER_PATH}/Locksmith.framework",
				"${TARGET_BUILD_DIR}/${FRAMEWORKS_FOLDER_PATH}/PromiseKit.framework",
				"${TARGET_BUILD_DIR}/${FRAMEWORKS_FOLDER_PATH}/SVProgressHUD.framework",
				"${TARGET_BUILD_DIR}/${FRAMEWORKS_FOLDER_PATH}/SideMenu.framework",
				"${TARGET_BUILD_DIR}/${FRAMEWORKS_FOLDER_PATH}/SkyFloatingLabelTextField.framework",
				"${TARGET_BUILD_DIR}/${FRAMEWORKS_FOLDER_PATH}/StaticDataTableViewController.framework",
				"${TARGET_BUILD_DIR}/${FRAMEWORKS_FOLDER_PATH}/SwiftDate.framework",
				"${TARGET_BUILD_DIR}/${FRAMEWORKS_FOLDER_PATH}/SwiftMessages.framework",
				"${TARGET_BUILD_DIR}/${FRAMEWORKS_FOLDER_PATH}/SwifterSwift.framework",
				"${TARGET_BUILD_DIR}/${FRAMEWORKS_FOLDER_PATH}/Swinject.framework",
				"${TARGET_BUILD_DIR}/${FRAMEWORKS_FOLDER_PATH}/SwinjectStoryboard.framework",
				"${TARGET_BUILD_DIR}/${FRAMEWORKS_FOLDER_PATH}/TPKeyboardAvoiding.framework",
			);
			runOnlyForDeploymentPostprocessing = 0;
			shellPath = /bin/sh;
			shellScript = "\"${SRCROOT}/Pods/Target Support Files/Pods-skrudzh/Pods-skrudzh-frameworks.sh\"\n";
			showEnvVarsInLog = 0;
		};
/* End PBXShellScriptBuildPhase section */

/* Begin PBXSourcesBuildPhase section */
		FAD88EF221AEA86E00BE7BC1 /* Sources */ = {
			isa = PBXSourcesBuildPhase;
			buildActionMask = 2147483647;
			files = (
				FA0CAE0921D39D3C00805288 /* ExpenseSourceCollectionViewCell.swift in Sources */,
				FAD88F2C21AEB78A00BE7BC1 /* NotificationsHandlerProtocol.swift in Sources */,
				FAC3B9BC21BA002E0015A12F /* ProfileEditViewModel.swift in Sources */,
				FAD88F5F21AEC5C600BE7BC1 /* AccountCoordinatorProtocol.swift in Sources */,
				FAD88F1521AEB52C00BE7BC1 /* ServicesAssembly.swift in Sources */,
				FAD88F5221AEC1A500BE7BC1 /* APIClient.swift in Sources */,
				FAD88F6121AEC61800BE7BC1 /* AccountCoordinator.swift in Sources */,
				FAD88F7921AFD64000BE7BC1 /* APIResourceRequest.swift in Sources */,
				FAD88F3D21AEBB4200BE7BC1 /* UserSessionManager.swift in Sources */,
				FA165CE221B65F0300EAA16B /* LoginViewModel.swift in Sources */,
				FAD88F3021AEB7BD00BE7BC1 /* NotificationItem.swift in Sources */,
				FAD88F8C21B1228F00BE7BC1 /* MenuViewModel.swift in Sources */,
				FAD88F2821AEB75800BE7BC1 /* NotificationCategory.swift in Sources */,
				FA165CEC21B7766900EAA16B /* ResetPasswordViewModel.swift in Sources */,
				FAC3B9C921C0F4610015A12F /* IncomeSourcesService.swift in Sources */,
				FA0CAE2821D67B7F00805288 /* IconsViewModel.swift in Sources */,
				FA0CAE1521D669C000805288 /* Icon.swift in Sources */,
				FA165CE021B6540600EAA16B /* ProfileViewController.swift in Sources */,
				FAD88F4121AEBDF900BE7BC1 /* Navigator.swift in Sources */,
				FAC3B9BA21B9FF5F0015A12F /* ProfileEditViewController.swift in Sources */,
				FA0CAE1F21D6785E00805288 /* IconCollectionViewCell.swift in Sources */,
				FAD88F2621AEB72800BE7BC1 /* NotificationsManager.swift in Sources */,
				FA0CAE0321D2612500805288 /* ExpenseSourcesCoordinatorProtocol.swift in Sources */,
				FAD88F2A21AEB77200BE7BC1 /* NotificationAction.swift in Sources */,
				FAD88F3F21AEBDDB00BE7BC1 /* UIMessagePresenterManager.swift in Sources */,
				FAD88F5A21AEC1F800BE7BC1 /* UsersServiceProtocol.swift in Sources */,
				FAD88F7521AFD64000BE7BC1 /* APIResourceQueryParameters.swift in Sources */,
				FAD88F7A21AFD64000BE7BC1 /* APIResourceKeyPath.swift in Sources */,
				FA0CAE0121D25F5300805288 /* ExpenseSourcesService.swift in Sources */,
				FAD88F7821AFD64000BE7BC1 /* APIResourcePath.swift in Sources */,
				FAD88F7721AFD64000BE7BC1 /* APIResourceMethod.swift in Sources */,
				FAD88F0D21AEB24F00BE7BC1 /* ApplicationAssembly.swift in Sources */,
				FA0CAE2621D67A7100805288 /* IconViewModel.swift in Sources */,
				FAC3B9C521C0EB7A0015A12F /* IncomeSource.swift in Sources */,
				FAD88F4421AEBE4A00BE7BC1 /* NotificationsCoordinatorProtocol.swift in Sources */,
				FA0CAE0521D2615900805288 /* ExpenseSourcesCoordinator.swift in Sources */,
				FAC3B9CF21C11F850015A12F /* MainViewModel.swift in Sources */,
				FA6270A321C7A87300CC0269 /* IncomeSourceEditTableController.swift in Sources */,
				FAD88F4E21AEC1A500BE7BC1 /* Service.swift in Sources */,
				FAC3B9B621B936CD0015A12F /* ChangePasswordViewModel.swift in Sources */,
				FA165CE821B7654100EAA16B /* ForgotPasswordViewModel.swift in Sources */,
				FAD88F4621AEBE7400BE7BC1 /* NotificationsCoordinator.swift in Sources */,
				FA0CAE0D21D3C1F100805288 /* ExpenseSourceEditTableController.swift in Sources */,
				FA165CEA21B769B500EAA16B /* ForgotPasswordViewController.swift in Sources */,
				FAD88F3221AEB7D500BE7BC1 /* KeepAliveNotificationItem.swift in Sources */,
				FAC3B9B821B952950015A12F /* ChangePasswordViewController.swift in Sources */,
				FA0CAE1B21D66F9A00805288 /* IconsCoordinatorProtocol.swift in Sources */,
				FAC3B9CB21C0F60C0015A12F /* IncomeSourcesCoordinatorProtocol.swift in Sources */,
				FAD88EFA21AEA86E00BE7BC1 /* AppDelegate.swift in Sources */,
				FA0CADFD21D257F400805288 /* ExpenseSource.swift in Sources */,
				FA0CAE1921D66CCD00805288 /* IconsService.swift in Sources */,
				FAD88F1F21AEB6CD00BE7BC1 /* UIMessagePresenterManagerProtocol.swift in Sources */,
				FAD88F0F21AEB45A00BE7BC1 /* ManagersAssembly.swift in Sources */,
				FA6270AD21CA9FEB00CC0269 /* FieldsViewControllerProtocol.swift in Sources */,
				FA165CE421B65F2F00EAA16B /* ValidationResult.swift in Sources */,
				FAD88F4F21AEC1A500BE7BC1 /* UsersService.swift in Sources */,
				FA9F962821C2818E00FD64C1 /* IncomeSourceViewModel.swift in Sources */,
				FAD88F1721AEB53F00BE7BC1 /* CoordinatorsAssembly.swift in Sources */,
				FA6270AA21CA93D100CC0269 /* FieldsViewModel.swift in Sources */,
				FAD88F3B21AEBABD00BE7BC1 /* ApplicationRouter.swift in Sources */,
				FA165CDD21B6530C00EAA16B /* ProfileViewModel.swift in Sources */,
				FA6270A621CA3ED600CC0269 /* FieldViewModel.swift in Sources */,
				FA0CADFF21D25ED900805288 /* ExpenseSourcesServiceProtocol.swift in Sources */,
				FA0CAE0721D266F100805288 /* ExpenseSourceViewModel.swift in Sources */,
				FAC3B9D421C2796C0015A12F /* IncomeSourceCollectionViewCell.swift in Sources */,
				FAD88F5D21AEC28300BE7BC1 /* User.swift in Sources */,
				FAD88F1D21AEB6A000BE7BC1 /* UserSessionManagerProtocol.swift in Sources */,
				FAD88F5921AEC1F800BE7BC1 /* AuthenticationServiceProtocol.swift in Sources */,
				FAD88F3921AEBAA600BE7BC1 /* Session.swift in Sources */,
				FA0CAE2221D679D100805288 /* IconsViewController.swift in Sources */,
				FAC3B9CD21C0F7670015A12F /* IncomeSourcesCoordinator.swift in Sources */,
				FAD88F2421AEB71000BE7BC1 /* NotificationsManagerProtocol.swift in Sources */,
				FAD88F3721AEB8F200BE7BC1 /* UIFlowManager.swift in Sources */,
				FA0CADF721CBE56100805288 /* LoaderView.swift in Sources */,
				FAD88F3521AEB8BD00BE7BC1 /* ApplicationExtensions.swift in Sources */,
				FA0CAE1321D52CB400805288 /* MoneyTextField.swift in Sources */,
				FAD88F7621AFD64000BE7BC1 /* APIResource.swift in Sources */,
				FAD88F2E21AEB79F00BE7BC1 /* NotificationsHandler.swift in Sources */,
				FA0CAE1D21D66FC200805288 /* IconsCoordinator.swift in Sources */,
				FA165CE621B6669500EAA16B /* LoginViewController.swift in Sources */,
				FA165CD321B4EB6D00EAA16B /* RegistrationViewController.swift in Sources */,
				FA0CAE1721D66C8700805288 /* IconsServiceProtocol.swift in Sources */,
				FAC3B9C721C0F2B00015A12F /* IncomeSourcesServiceProtocol.swift in Sources */,
				FA9F962C21C2B1B600FD64C1 /* IncomeSourceEditViewModel.swift in Sources */,
				FAC3B9D121C131390015A12F /* JoinViewController.swift in Sources */,
				FAC3B9C321BE74CE0015A12F /* OnboardingPageViewController.swift in Sources */,
				FA26814A21B1833E00FADED1 /* MainViewController.swift in Sources */,
				FA9F962A21C2A86B00FD64C1 /* IncomeSourceEditViewController.swift in Sources */,
				FAD88F1321AEB48800BE7BC1 /* ApplicationRouterProtocol.swift in Sources */,
				FAD88F5821AEC1F800BE7BC1 /* APIClientProtocol.swift in Sources */,
				FAD88F2121AEB6ED00BE7BC1 /* NavigatorProtocol.swift in Sources */,
				FA0CAE1121D3C23000805288 /* ExpenseSourceEditViewModel.swift in Sources */,
				FAD88F5B21AEC1F800BE7BC1 /* DevicesServiceProtocol.swift in Sources */,
				FA165CD621B4EF6800EAA16B /* RegistrationViewModel.swift in Sources */,
				FAD88F5021AEC1A500BE7BC1 /* DevicesService.swift in Sources */,
				FAC3B9C121BE15EC0015A12F /* OnboardingViewController.swift in Sources */,
				FA0CAE0B21D3C1D900805288 /* ExpenseSourceEditViewController.swift in Sources */,
				FAD88F8421B0FB7800BE7BC1 /* LandingViewController.swift in Sources */,
				FAD88F4D21AEC1A500BE7BC1 /* AuthenticationService.swift in Sources */,
				FA165CEE21B7846C00EAA16B /* ResetPasswordViewController.swift in Sources */,
				FAD88F8821B1181600BE7BC1 /* MenuViewController.swift in Sources */,
			);
			runOnlyForDeploymentPostprocessing = 0;
		};
/* End PBXSourcesBuildPhase section */

/* Begin PBXVariantGroup section */
		FAD88F0221AEA87300BE7BC1 /* Launch.storyboard */ = {
			isa = PBXVariantGroup;
			children = (
				FAD88F0321AEA87300BE7BC1 /* Base */,
			);
			name = Launch.storyboard;
			sourceTree = "<group>";
		};
/* End PBXVariantGroup section */

/* Begin XCBuildConfiguration section */
		FAD88F0621AEA87300BE7BC1 /* Debug */ = {
			isa = XCBuildConfiguration;
			buildSettings = {
				ALWAYS_SEARCH_USER_PATHS = NO;
				CLANG_ANALYZER_NONNULL = YES;
				CLANG_ANALYZER_NUMBER_OBJECT_CONVERSION = YES_AGGRESSIVE;
				CLANG_CXX_LANGUAGE_STANDARD = "gnu++14";
				CLANG_CXX_LIBRARY = "libc++";
				CLANG_ENABLE_MODULES = YES;
				CLANG_ENABLE_OBJC_ARC = YES;
				CLANG_ENABLE_OBJC_WEAK = YES;
				CLANG_WARN_BLOCK_CAPTURE_AUTORELEASING = YES;
				CLANG_WARN_BOOL_CONVERSION = YES;
				CLANG_WARN_COMMA = YES;
				CLANG_WARN_CONSTANT_CONVERSION = YES;
				CLANG_WARN_DEPRECATED_OBJC_IMPLEMENTATIONS = YES;
				CLANG_WARN_DIRECT_OBJC_ISA_USAGE = YES_ERROR;
				CLANG_WARN_DOCUMENTATION_COMMENTS = YES;
				CLANG_WARN_EMPTY_BODY = YES;
				CLANG_WARN_ENUM_CONVERSION = YES;
				CLANG_WARN_INFINITE_RECURSION = YES;
				CLANG_WARN_INT_CONVERSION = YES;
				CLANG_WARN_NON_LITERAL_NULL_CONVERSION = YES;
				CLANG_WARN_OBJC_IMPLICIT_RETAIN_SELF = YES;
				CLANG_WARN_OBJC_LITERAL_CONVERSION = YES;
				CLANG_WARN_OBJC_ROOT_CLASS = YES_ERROR;
				CLANG_WARN_RANGE_LOOP_ANALYSIS = YES;
				CLANG_WARN_STRICT_PROTOTYPES = YES;
				CLANG_WARN_SUSPICIOUS_MOVE = YES;
				CLANG_WARN_UNGUARDED_AVAILABILITY = YES_AGGRESSIVE;
				CLANG_WARN_UNREACHABLE_CODE = YES;
				CLANG_WARN__DUPLICATE_METHOD_MATCH = YES;
				CODE_SIGN_IDENTITY = "iPhone Developer";
				COPY_PHASE_STRIP = NO;
				DEBUG_INFORMATION_FORMAT = dwarf;
				ENABLE_STRICT_OBJC_MSGSEND = YES;
				ENABLE_TESTABILITY = YES;
				GCC_C_LANGUAGE_STANDARD = gnu11;
				GCC_DYNAMIC_NO_PIC = NO;
				GCC_NO_COMMON_BLOCKS = YES;
				GCC_OPTIMIZATION_LEVEL = 0;
				GCC_PREPROCESSOR_DEFINITIONS = (
					"DEBUG=1",
					"$(inherited)",
				);
				GCC_WARN_64_TO_32_BIT_CONVERSION = YES;
				GCC_WARN_ABOUT_RETURN_TYPE = YES_ERROR;
				GCC_WARN_UNDECLARED_SELECTOR = YES;
				GCC_WARN_UNINITIALIZED_AUTOS = YES_AGGRESSIVE;
				GCC_WARN_UNUSED_FUNCTION = YES;
				GCC_WARN_UNUSED_VARIABLE = YES;
				IPHONEOS_DEPLOYMENT_TARGET = 10.0;
				MTL_ENABLE_DEBUG_INFO = INCLUDE_SOURCE;
				MTL_FAST_MATH = YES;
				ONLY_ACTIVE_ARCH = YES;
				SDKROOT = iphoneos;
				SWIFT_ACTIVE_COMPILATION_CONDITIONS = DEBUG;
				SWIFT_OPTIMIZATION_LEVEL = "-Onone";
			};
			name = Debug;
		};
		FAD88F0721AEA87300BE7BC1 /* Release */ = {
			isa = XCBuildConfiguration;
			buildSettings = {
				ALWAYS_SEARCH_USER_PATHS = NO;
				CLANG_ANALYZER_NONNULL = YES;
				CLANG_ANALYZER_NUMBER_OBJECT_CONVERSION = YES_AGGRESSIVE;
				CLANG_CXX_LANGUAGE_STANDARD = "gnu++14";
				CLANG_CXX_LIBRARY = "libc++";
				CLANG_ENABLE_MODULES = YES;
				CLANG_ENABLE_OBJC_ARC = YES;
				CLANG_ENABLE_OBJC_WEAK = YES;
				CLANG_WARN_BLOCK_CAPTURE_AUTORELEASING = YES;
				CLANG_WARN_BOOL_CONVERSION = YES;
				CLANG_WARN_COMMA = YES;
				CLANG_WARN_CONSTANT_CONVERSION = YES;
				CLANG_WARN_DEPRECATED_OBJC_IMPLEMENTATIONS = YES;
				CLANG_WARN_DIRECT_OBJC_ISA_USAGE = YES_ERROR;
				CLANG_WARN_DOCUMENTATION_COMMENTS = YES;
				CLANG_WARN_EMPTY_BODY = YES;
				CLANG_WARN_ENUM_CONVERSION = YES;
				CLANG_WARN_INFINITE_RECURSION = YES;
				CLANG_WARN_INT_CONVERSION = YES;
				CLANG_WARN_NON_LITERAL_NULL_CONVERSION = YES;
				CLANG_WARN_OBJC_IMPLICIT_RETAIN_SELF = YES;
				CLANG_WARN_OBJC_LITERAL_CONVERSION = YES;
				CLANG_WARN_OBJC_ROOT_CLASS = YES_ERROR;
				CLANG_WARN_RANGE_LOOP_ANALYSIS = YES;
				CLANG_WARN_STRICT_PROTOTYPES = YES;
				CLANG_WARN_SUSPICIOUS_MOVE = YES;
				CLANG_WARN_UNGUARDED_AVAILABILITY = YES_AGGRESSIVE;
				CLANG_WARN_UNREACHABLE_CODE = YES;
				CLANG_WARN__DUPLICATE_METHOD_MATCH = YES;
				CODE_SIGN_IDENTITY = "iPhone Developer";
				COPY_PHASE_STRIP = NO;
				DEBUG_INFORMATION_FORMAT = "dwarf-with-dsym";
				ENABLE_NS_ASSERTIONS = NO;
				ENABLE_STRICT_OBJC_MSGSEND = YES;
				GCC_C_LANGUAGE_STANDARD = gnu11;
				GCC_NO_COMMON_BLOCKS = YES;
				GCC_WARN_64_TO_32_BIT_CONVERSION = YES;
				GCC_WARN_ABOUT_RETURN_TYPE = YES_ERROR;
				GCC_WARN_UNDECLARED_SELECTOR = YES;
				GCC_WARN_UNINITIALIZED_AUTOS = YES_AGGRESSIVE;
				GCC_WARN_UNUSED_FUNCTION = YES;
				GCC_WARN_UNUSED_VARIABLE = YES;
				IPHONEOS_DEPLOYMENT_TARGET = 10.0;
				MTL_ENABLE_DEBUG_INFO = NO;
				MTL_FAST_MATH = YES;
				SDKROOT = iphoneos;
				SWIFT_COMPILATION_MODE = wholemodule;
				SWIFT_OPTIMIZATION_LEVEL = "-O";
				VALIDATE_PRODUCT = YES;
			};
			name = Release;
		};
		FAD88F0921AEA87300BE7BC1 /* Debug */ = {
			isa = XCBuildConfiguration;
			baseConfigurationReference = C419C22762BA0505AF64D6FC /* Pods-skrudzh.debug.xcconfig */;
			buildSettings = {
				ASSETCATALOG_COMPILER_APPICON_NAME = AppIcon;
				CODE_SIGN_IDENTITY = "iPhone Developer";
				CODE_SIGN_STYLE = Automatic;
				DEVELOPMENT_TEAM = Y6BD7SR6F8;
				INFOPLIST_FILE = skrudzh/Info.plist;
				LD_RUNPATH_SEARCH_PATHS = (
					"$(inherited)",
					"@executable_path/Frameworks",
				);
				PRODUCT_BUNDLE_IDENTIFIER = com.rubikonapp.skrudzh;
				PRODUCT_NAME = "$(TARGET_NAME)";
				PROVISIONING_PROFILE_SPECIFIER = "";
				SWIFT_VERSION = 4.2;
				TARGETED_DEVICE_FAMILY = 1;
			};
			name = Debug;
		};
		FAD88F0A21AEA87300BE7BC1 /* Release */ = {
			isa = XCBuildConfiguration;
			baseConfigurationReference = 2FA97C1FC00F8ED22CFC7287 /* Pods-skrudzh.release.xcconfig */;
			buildSettings = {
				ASSETCATALOG_COMPILER_APPICON_NAME = AppIcon;
				CODE_SIGN_IDENTITY = "iPhone Developer";
				CODE_SIGN_STYLE = Automatic;
				DEVELOPMENT_TEAM = Y6BD7SR6F8;
				INFOPLIST_FILE = skrudzh/Info.plist;
				LD_RUNPATH_SEARCH_PATHS = (
					"$(inherited)",
					"@executable_path/Frameworks",
				);
				PRODUCT_BUNDLE_IDENTIFIER = com.rubikonapp.skrudzh;
				PRODUCT_NAME = "$(TARGET_NAME)";
				PROVISIONING_PROFILE_SPECIFIER = "";
				SWIFT_VERSION = 4.2;
				TARGETED_DEVICE_FAMILY = 1;
			};
			name = Release;
		};
/* End XCBuildConfiguration section */

/* Begin XCConfigurationList section */
		FAD88EF121AEA86E00BE7BC1 /* Build configuration list for PBXProject "skrudzh" */ = {
			isa = XCConfigurationList;
			buildConfigurations = (
				FAD88F0621AEA87300BE7BC1 /* Debug */,
				FAD88F0721AEA87300BE7BC1 /* Release */,
			);
			defaultConfigurationIsVisible = 0;
			defaultConfigurationName = Release;
		};
		FAD88F0821AEA87300BE7BC1 /* Build configuration list for PBXNativeTarget "skrudzh" */ = {
			isa = XCConfigurationList;
			buildConfigurations = (
				FAD88F0921AEA87300BE7BC1 /* Debug */,
				FAD88F0A21AEA87300BE7BC1 /* Release */,
			);
			defaultConfigurationIsVisible = 0;
			defaultConfigurationName = Release;
		};
/* End XCConfigurationList section */
	};
	rootObject = FAD88EEE21AEA86E00BE7BC1 /* Project object */;
}
